
Microsoft Visual Studio Solution File, Format Version 12.00
# Visual Studio Version 16
VisualStudioVersion = 16.0.30204.135
MinimumVisualStudioVersion = 10.0.40219.1
Project("{FAE04EC0-301F-11D3-BF4B-00C04F79EFBC}") = "TestExecute", "TestExecute\TestExecute.csproj", "{E1E877F1-34D5-4FC0-B3B2-7E9AFC7733F7}"
EndProject
Project("{FAE04EC0-301F-11D3-BF4B-00C04F79EFBC}") = "CommonLib", "CommonLib\CommonLib.csproj", "{1000485D-4034-419D-95F9-A07566912482}"
EndProject
Project("{FAE04EC0-301F-11D3-BF4B-00C04F79EFBC}") = "NavigatorLib", "NavigatorLib\NavigatorLib.csproj", "{9B008702-3309-449D-B3F9-693094DE63CF}"
EndProject
Project("{FAE04EC0-301F-11D3-BF4B-00C04F79EFBC}") = "TestRunner", "TestRunner\TestRunner.csproj", "{D3543CF0-765F-4C13-A4B3-93A52488386B}"
	ProjectSection(ProjectDependencies) = postProject
		{EE19ED75-B7CB-4F39-8987-AEF7035E43A6} = {EE19ED75-B7CB-4F39-8987-AEF7035E43A6}
		{D910D8D6-A20D-4B64-9D21-8B5CE81105F4} = {D910D8D6-A20D-4B64-9D21-8B5CE81105F4}
	EndProjectSection
EndProject
Project("{FAE04EC0-301F-11D3-BF4B-00C04F79EFBC}") = "ngCRMLib", "ngCRMLib\ngCRMLib.csproj", "{11785A00-6DEF-41CF-AC8E-458C9A8A2862}"
EndProject
Project("{FAE04EC0-301F-11D3-BF4B-00C04F79EFBC}") = "MaconomyNavigatorLib", "MaconomyNavigator\MaconomyNavigatorLib.csproj", "{6FCC1730-7F53-4AE4-9E8D-2437430730E2}"
EndProject
Project("{FAE04EC0-301F-11D3-BF4B-00C04F79EFBC}") = "TestRunnerScheduler", "TestRunnerScheduler\TestRunnerScheduler.csproj", "{50F12CA6-2BAD-41F2-B673-A5F51DCE8EEB}"
EndProject
Project("{FAE04EC0-301F-11D3-BF4B-00C04F79EFBC}") = "CostpointLib", "CostpointLib\CostpointLib.csproj", "{2A9BB29A-631C-4FA8-880E-96E1960304C4}"
EndProject
Project("{FAE04EC0-301F-11D3-BF4B-00C04F79EFBC}") = "AutomationAgent", "AutomationAgent\AutomationAgent.csproj", "{CEB9DC46-AB3D-46EE-93CC-26F66400231E}"
EndProject
Project("{FAE04EC0-301F-11D3-BF4B-00C04F79EFBC}") = "DocDiff", "DocDiff\DocDiff.csproj", "{1C294F46-A44F-4FED-BBC3-A929BA14BEA2}"
EndProject
Project("{FAE04EC0-301F-11D3-BF4B-00C04F79EFBC}") = "KonaLib", "KonaLib\KonaLib.csproj", "{28CC3407-503C-429A-9A6D-6730121A72E4}"
EndProject
Project("{FAE04EC0-301F-11D3-BF4B-00C04F79EFBC}") = "AutoMail", "AutoMail\AutoMail.csproj", "{FC117CAE-1DA2-482B-8E1F-D6F9E84DAC09}"
EndProject
Project("{FAE04EC0-301F-11D3-BF4B-00C04F79EFBC}") = "MaconomyTouchLib", "MaconomyTouch\MaconomyTouchLib.csproj", "{C9712BD0-F2D3-4D36-AF3E-D2142B20CBE0}"
EndProject
Project("{FAE04EC0-301F-11D3-BF4B-00C04F79EFBC}") = "VisionCRMLib", "VisionCRMLib\VisionCRMLib.csproj", "{E9D0EAEC-A102-42C3-82C8-ADEFEDC682D2}"
EndProject
Project("{FAE04EC0-301F-11D3-BF4B-00C04F79EFBC}") = "GovWinLib", "GovWinLib\GovWinLib.csproj", "{AC65EE9F-89E2-47EA-BF79-7BDEADB72E43}"
EndProject
Project("{FAE04EC0-301F-11D3-BF4B-00C04F79EFBC}") = "VisionTimeLib", "VisionTimeLib\VisionTimeLib.csproj", "{6FF6E2BB-4C7B-466B-91DD-0BE664101E0B}"
EndProject
Project("{FAE04EC0-301F-11D3-BF4B-00C04F79EFBC}") = "HRSmartLib", "HRSmartLib\HRSmartLib.csproj", "{57B61CB7-EADD-4023-B170-39E9B7EE38FB}"
EndProject
Project("{FAE04EC0-301F-11D3-BF4B-00C04F79EFBC}") = "AjeraLib", "AjeraLib\AjeraLib.csproj", "{5BEEFCA6-C450-43B0-A74F-1B788BE8F1A8}"
EndProject
Project("{FAE04EC0-301F-11D3-BF4B-00C04F79EFBC}") = "Launcher", "Launcher\Launcher.csproj", "{A2EC15C8-B038-4C32-A294-14C9B6421E86}"
EndProject
Project("{FAE04EC0-301F-11D3-BF4B-00C04F79EFBC}") = "TrafficLiveLib", "TrafficLiveLib\TrafficLiveLib.csproj", "{53BAB261-6904-4BFF-8C8B-C302F613384D}"
EndProject
Project("{FAE04EC0-301F-11D3-BF4B-00C04F79EFBC}") = "AjeraTimeLib", "AjeraTime\AjeraTimeLib.csproj", "{E90D3A2E-C524-48F3-B9B8-F84AE22DEE30}"
EndProject
Project("{FAE04EC0-301F-11D3-BF4B-00C04F79EFBC}") = "StormTouchCRMLib", "StormTouchCRMLib\StormTouchCRMLib.csproj", "{3021A9B3-2C1E-4638-BE6A-E195F6952DFF}"
EndProject
Project("{FAE04EC0-301F-11D3-BF4B-00C04F79EFBC}") = "StormTouchTimeExpenseLib", "StormTouchTimeExpenseLib\StormTouchTimeExpenseLib.csproj", "{AF4D5A8D-FF6B-4466-AD92-60FE63336870}"
EndProject
Project("{FAE04EC0-301F-11D3-BF4B-00C04F79EFBC}") = "GenerateDashboard", "GenerateDashboard\GenerateDashboard.csproj", "{037BCDC6-034F-437D-B9A7-1B9EF12A9936}"
EndProject
Project("{FAE04EC0-301F-11D3-BF4B-00C04F79EFBC}") = "TestResultsDashboard", "TestResultsDashboard\TestResultsDashboard.csproj", "{35B96B45-35BB-4689-843D-741BC71AFB4B}"
EndProject
Project("{FAE04EC0-301F-11D3-BF4B-00C04F79EFBC}") = "StormWebLib", "StormWebLib\StormWebLib.csproj", "{C283057C-3210-49AA-A71A-EA26120D1158}"
EndProject
Project("{FAE04EC0-301F-11D3-BF4B-00C04F79EFBC}") = "TM1WebLib", "TM1WebLib\TM1WebLib.csproj", "{1EA44816-A168-4BE9-BC52-DEFE6A452F38}"
EndProject
Project("{FAE04EC0-301F-11D3-BF4B-00C04F79EFBC}") = "TestRunnerCmd", "TestRunnerCmd\TestRunnerCmd.csproj", "{56FB0DCE-06D2-4D9C-82D4-DB9ADEA97914}"
EndProject
Project("{FAE04EC0-301F-11D3-BF4B-00C04F79EFBC}") = "MaconomyiAccessLib", "MaconomyiAccessLib\MaconomyiAccessLib.csproj", "{1FEF0CB4-5217-44A5-B944-A5D22C430506}"
EndProject
Project("{FAE04EC0-301F-11D3-BF4B-00C04F79EFBC}") = "TestLibrary", "TestLibrary\TestLibrary.csproj", "{EBF76FD4-1985-444F-8425-BB5C8681980F}"
EndProject
Project("{FAE04EC0-301F-11D3-BF4B-00C04F79EFBC}") = "SchedulingAgent", "SchedulingAgent\SchedulingAgent.csproj", "{184026CC-EBE2-4B0D-BDD2-79D8A286B70A}"
EndProject
Project("{FAE04EC0-301F-11D3-BF4B-00C04F79EFBC}") = "AdvancedScheduler", "AdvancedScheduler\AdvancedScheduler.csproj", "{5E487C17-E385-433F-87AE-6DB0A3EBDBC5}"
EndProject
Project("{FAE04EC0-301F-11D3-BF4B-00C04F79EFBC}") = "CPExtensibility", "CPExtensibility\CPExtensibility.csproj", "{2937D927-186A-401F-8DCC-0A7C1EE69179}"
EndProject
Project("{FAE04EC0-301F-11D3-BF4B-00C04F79EFBC}") = "ProjectInformationManagementLib", "ProjectInformationManagementLib\ProjectInformationManagementLib.csproj", "{7DD6529C-78A6-4712-8280-E7A4AB6B49D9}"
EndProject
Project("{FAE04EC0-301F-11D3-BF4B-00C04F79EFBC}") = "METestHarness", "METestHarness\METestHarness.csproj", "{A4FDBF68-3648-4B69-BE11-CC61B43708FC}"
EndProject
Project("{FAE04EC0-301F-11D3-BF4B-00C04F79EFBC}") = "BPMLib", "BPM\BPMLib.csproj", "{8AA4EB17-323D-4448-8CE6-2F8DB5C54786}"
EndProject
Project("{FAE04EC0-301F-11D3-BF4B-00C04F79EFBC}") = "PIMMobileLib", "PIMMobileLib\PIMMobileLib.csproj", "{1FF6FD53-4E9E-44A0-85B4-B2E2C8E030DD}"
EndProject
Project("{FAE04EC0-301F-11D3-BF4B-00C04F79EFBC}") = "SFTLib", "SFTLib\SFTLib.csproj", "{58CC548B-A4D5-4AE2-A6EE-CD4637FDC3D5}"
EndProject
Project("{FAE04EC0-301F-11D3-BF4B-00C04F79EFBC}") = "WorkBookLib", "WorkBookLib\WorkBookLib.csproj", "{420D094F-624C-4702-A75E-DBEBAB847066}"
EndProject
Project("{FAE04EC0-301F-11D3-BF4B-00C04F79EFBC}") = "PIMTimeAndExpenseLib", "PIMTimeAndExpenseLib\PIMTimeAndExpenseLib.csproj", "{38189664-0A9D-4899-A58B-1081FF737DF9}"
EndProject
Project("{FAE04EC0-301F-11D3-BF4B-00C04F79EFBC}") = "TestIT", "TestIT\TestIT.csproj", "{92005580-B9F5-44F0-90C0-3B54B54FE72A}"
EndProject
Project("{FAE04EC0-301F-11D3-BF4B-00C04F79EFBC}") = "AcumenTouchStoneLib", "AcumenTouchStoneLib\AcumenTouchStoneLib.csproj", "{D58713F4-1A9B-448F-B060-579822C17734}"
EndProject
Project("{FAE04EC0-301F-11D3-BF4B-00C04F79EFBC}") = "TEMobileLib", "TEMobileLib\TEMobileLib.csproj", "{6F095CD4-C54A-4FDB-9298-03998EEB1B4C}"
EndProject
Project("{FAE04EC0-301F-11D3-BF4B-00C04F79EFBC}") = "ConceptShareLib", "ConceptShareLib\ConceptShareLib.csproj", "{22FE83D1-73EE-4267-905D-35EBFAA173F5}"
EndProject
Project("{FAE04EC0-301F-11D3-BF4B-00C04F79EFBC}") = "CBILib", "CBILib\CBILib.csproj", "{E679F187-0194-416D-8452-4C21093A582B}"
EndProject
Project("{FAE04EC0-301F-11D3-BF4B-00C04F79EFBC}") = "CPTouchLib", "CPTouchLib\CPTouchLib.csproj", "{9609BE45-70AA-4804-BBEB-C74F7676774B}"
EndProject
Project("{FAE04EC0-301F-11D3-BF4B-00C04F79EFBC}") = "SBCLib", "SBCLib\SBCLib.csproj", "{33BD685E-E010-413A-9342-ACB5BBE562CE}"
EndProject
Project("{FAE04EC0-301F-11D3-BF4B-00C04F79EFBC}") = "WebTimeClockLib", "WebTimeClockLib\WebTimeClockLib.csproj", "{D910D8D6-A20D-4B64-9D21-8B5CE81105F4}"
EndProject
Project("{FAE04EC0-301F-11D3-BF4B-00C04F79EFBC}") = "DCOLib", "DCOLib\DCOLib.csproj", "{AB9748C1-1580-4FA3-8C1A-C38E997C75D1}"
EndProject
Project("{FAE04EC0-301F-11D3-BF4B-00C04F79EFBC}") = "FieldEaseLib", "FieldEaseLib\FieldEaseLib.csproj", "{365C2B93-57C0-4D8B-BD90-C7400541D6AC}"
EndProject
Project("{FAE04EC0-301F-11D3-BF4B-00C04F79EFBC}") = "DeltekProjectsToolLib", "DeltekProjectsToolLib\DeltekProjectsToolLib.csproj", "{EE19ED75-B7CB-4F39-8987-AEF7035E43A6}"
EndProject
Project("{FAE04EC0-301F-11D3-BF4B-00C04F79EFBC}") = "KnowledgePointLib", "KnowledgePointLib\KnowledgePointLib.csproj", "{928AD7C3-AE31-41C1-B31C-852878F69003}"
EndProject
Project("{FAE04EC0-301F-11D3-BF4B-00C04F79EFBC}") = "TRDiagnostics", "TRDiagnostics\TRDiagnostics.csproj", "{31A0C643-2BE8-4A66-8010-6629D3F6AC1A}"
EndProject
Project("{FAE04EC0-301F-11D3-BF4B-00C04F79EFBC}") = "TRDiagnosticsCore", "TRDiagnosticsCore\TRDiagnosticsCore.csproj", "{CBFBD3D4-13C7-416D-AB3D-A46E8F29EC28}"
EndProject
Project("{FAE04EC0-301F-11D3-BF4B-00C04F79EFBC}") = "HTMLBuilder", "HTMLBuilder\HTMLBuilder.csproj", "{1F7A39F5-4215-46F9-872E-E74FC692AAFF}"
EndProject
Project("{FAE04EC0-301F-11D3-BF4B-00C04F79EFBC}") = "OSH_Client", "OSH_Client\OSH_Client.csproj", "{842D7E7E-7AFF-44D6-B671-3F2124963672}"
EndProject
Project("{FAE04EC0-301F-11D3-BF4B-00C04F79EFBC}") = "OSRecorder", "OSRecorder\OSRecorder.csproj", "{653493E7-16DE-4B25-8520-3A077B836C66}"
EndProject
Global
	GlobalSection(SolutionConfigurationPlatforms) = preSolution
		Debug|Any CPU = Debug|Any CPU
		Debug|Mixed Platforms = Debug|Mixed Platforms
		Debug|x86 = Debug|x86
		Release|Any CPU = Release|Any CPU
		Release|Mixed Platforms = Release|Mixed Platforms
		Release|x86 = Release|x86
	EndGlobalSection
	GlobalSection(ProjectConfigurationPlatforms) = postSolution
		{E1E877F1-34D5-4FC0-B3B2-7E9AFC7733F7}.Debug|Any CPU.ActiveCfg = Debug|Any CPU
		{E1E877F1-34D5-4FC0-B3B2-7E9AFC7733F7}.Debug|Any CPU.Build.0 = Debug|Any CPU
		{E1E877F1-34D5-4FC0-B3B2-7E9AFC7733F7}.Debug|Mixed Platforms.ActiveCfg = Debug|Any CPU
		{E1E877F1-34D5-4FC0-B3B2-7E9AFC7733F7}.Debug|Mixed Platforms.Build.0 = Debug|Any CPU
		{E1E877F1-34D5-4FC0-B3B2-7E9AFC7733F7}.Debug|x86.ActiveCfg = Debug|Any CPU
		{E1E877F1-34D5-4FC0-B3B2-7E9AFC7733F7}.Release|Any CPU.ActiveCfg = Release|Any CPU
		{E1E877F1-34D5-4FC0-B3B2-7E9AFC7733F7}.Release|Any CPU.Build.0 = Release|Any CPU
		{E1E877F1-34D5-4FC0-B3B2-7E9AFC7733F7}.Release|Mixed Platforms.ActiveCfg = Release|Any CPU
		{E1E877F1-34D5-4FC0-B3B2-7E9AFC7733F7}.Release|Mixed Platforms.Build.0 = Release|Any CPU
		{E1E877F1-34D5-4FC0-B3B2-7E9AFC7733F7}.Release|x86.ActiveCfg = Release|Any CPU
		{1000485D-4034-419D-95F9-A07566912482}.Debug|Any CPU.ActiveCfg = Debug|Any CPU
		{1000485D-4034-419D-95F9-A07566912482}.Debug|Any CPU.Build.0 = Debug|Any CPU
		{1000485D-4034-419D-95F9-A07566912482}.Debug|Mixed Platforms.ActiveCfg = Debug|Any CPU
		{1000485D-4034-419D-95F9-A07566912482}.Debug|Mixed Platforms.Build.0 = Debug|Any CPU
		{1000485D-4034-419D-95F9-A07566912482}.Debug|x86.ActiveCfg = Debug|Any CPU
		{1000485D-4034-419D-95F9-A07566912482}.Release|Any CPU.ActiveCfg = Release|Any CPU
		{1000485D-4034-419D-95F9-A07566912482}.Release|Any CPU.Build.0 = Release|Any CPU
		{1000485D-4034-419D-95F9-A07566912482}.Release|Mixed Platforms.ActiveCfg = Release|Any CPU
		{1000485D-4034-419D-95F9-A07566912482}.Release|Mixed Platforms.Build.0 = Release|Any CPU
		{1000485D-4034-419D-95F9-A07566912482}.Release|x86.ActiveCfg = Release|Any CPU
		{9B008702-3309-449D-B3F9-693094DE63CF}.Debug|Any CPU.ActiveCfg = Debug|Any CPU
		{9B008702-3309-449D-B3F9-693094DE63CF}.Debug|Any CPU.Build.0 = Debug|Any CPU
		{9B008702-3309-449D-B3F9-693094DE63CF}.Debug|Mixed Platforms.ActiveCfg = Debug|Any CPU
		{9B008702-3309-449D-B3F9-693094DE63CF}.Debug|Mixed Platforms.Build.0 = Debug|Any CPU
		{9B008702-3309-449D-B3F9-693094DE63CF}.Debug|x86.ActiveCfg = Debug|Any CPU
		{9B008702-3309-449D-B3F9-693094DE63CF}.Release|Any CPU.ActiveCfg = Release|Any CPU
		{9B008702-3309-449D-B3F9-693094DE63CF}.Release|Any CPU.Build.0 = Release|Any CPU
		{9B008702-3309-449D-B3F9-693094DE63CF}.Release|Mixed Platforms.ActiveCfg = Release|Any CPU
		{9B008702-3309-449D-B3F9-693094DE63CF}.Release|Mixed Platforms.Build.0 = Release|Any CPU
		{9B008702-3309-449D-B3F9-693094DE63CF}.Release|x86.ActiveCfg = Release|Any CPU
		{D3543CF0-765F-4C13-A4B3-93A52488386B}.Debug|Any CPU.ActiveCfg = Debug|x86
		{D3543CF0-765F-4C13-A4B3-93A52488386B}.Debug|Any CPU.Build.0 = Debug|x86
		{D3543CF0-765F-4C13-A4B3-93A52488386B}.Debug|Mixed Platforms.ActiveCfg = Debug|x86
		{D3543CF0-765F-4C13-A4B3-93A52488386B}.Debug|Mixed Platforms.Build.0 = Debug|x86
		{D3543CF0-765F-4C13-A4B3-93A52488386B}.Debug|x86.ActiveCfg = Debug|x86
		{D3543CF0-765F-4C13-A4B3-93A52488386B}.Debug|x86.Build.0 = Debug|x86
		{D3543CF0-765F-4C13-A4B3-93A52488386B}.Release|Any CPU.ActiveCfg = Release|x86
		{D3543CF0-765F-4C13-A4B3-93A52488386B}.Release|Mixed Platforms.ActiveCfg = Release|x86
		{D3543CF0-765F-4C13-A4B3-93A52488386B}.Release|Mixed Platforms.Build.0 = Release|x86
		{D3543CF0-765F-4C13-A4B3-93A52488386B}.Release|x86.ActiveCfg = Release|x86
		{D3543CF0-765F-4C13-A4B3-93A52488386B}.Release|x86.Build.0 = Release|x86
		{11785A00-6DEF-41CF-AC8E-458C9A8A2862}.Debug|Any CPU.ActiveCfg = Debug|Any CPU
		{11785A00-6DEF-41CF-AC8E-458C9A8A2862}.Debug|Any CPU.Build.0 = Debug|Any CPU
		{11785A00-6DEF-41CF-AC8E-458C9A8A2862}.Debug|Mixed Platforms.ActiveCfg = Debug|Any CPU
		{11785A00-6DEF-41CF-AC8E-458C9A8A2862}.Debug|Mixed Platforms.Build.0 = Debug|Any CPU
		{11785A00-6DEF-41CF-AC8E-458C9A8A2862}.Debug|x86.ActiveCfg = Debug|Any CPU
		{11785A00-6DEF-41CF-AC8E-458C9A8A2862}.Release|Any CPU.ActiveCfg = Release|Any CPU
		{11785A00-6DEF-41CF-AC8E-458C9A8A2862}.Release|Any CPU.Build.0 = Release|Any CPU
		{11785A00-6DEF-41CF-AC8E-458C9A8A2862}.Release|Mixed Platforms.ActiveCfg = Release|Any CPU
		{11785A00-6DEF-41CF-AC8E-458C9A8A2862}.Release|Mixed Platforms.Build.0 = Release|Any CPU
		{11785A00-6DEF-41CF-AC8E-458C9A8A2862}.Release|x86.ActiveCfg = Release|Any CPU
		{6FCC1730-7F53-4AE4-9E8D-2437430730E2}.Debug|Any CPU.ActiveCfg = Debug|Any CPU
		{6FCC1730-7F53-4AE4-9E8D-2437430730E2}.Debug|Any CPU.Build.0 = Debug|Any CPU
		{6FCC1730-7F53-4AE4-9E8D-2437430730E2}.Debug|Mixed Platforms.ActiveCfg = Debug|Any CPU
		{6FCC1730-7F53-4AE4-9E8D-2437430730E2}.Debug|Mixed Platforms.Build.0 = Debug|Any CPU
		{6FCC1730-7F53-4AE4-9E8D-2437430730E2}.Debug|x86.ActiveCfg = Debug|Any CPU
		{6FCC1730-7F53-4AE4-9E8D-2437430730E2}.Release|Any CPU.ActiveCfg = Release|Any CPU
		{6FCC1730-7F53-4AE4-9E8D-2437430730E2}.Release|Any CPU.Build.0 = Release|Any CPU
		{6FCC1730-7F53-4AE4-9E8D-2437430730E2}.Release|Mixed Platforms.ActiveCfg = Release|Any CPU
		{6FCC1730-7F53-4AE4-9E8D-2437430730E2}.Release|Mixed Platforms.Build.0 = Release|Any CPU
		{6FCC1730-7F53-4AE4-9E8D-2437430730E2}.Release|x86.ActiveCfg = Release|Any CPU
		{50F12CA6-2BAD-41F2-B673-A5F51DCE8EEB}.Debug|Any CPU.ActiveCfg = Debug|x86
		{50F12CA6-2BAD-41F2-B673-A5F51DCE8EEB}.Debug|Any CPU.Build.0 = Debug|x86
		{50F12CA6-2BAD-41F2-B673-A5F51DCE8EEB}.Debug|Mixed Platforms.ActiveCfg = Debug|x86
		{50F12CA6-2BAD-41F2-B673-A5F51DCE8EEB}.Debug|Mixed Platforms.Build.0 = Debug|x86
		{50F12CA6-2BAD-41F2-B673-A5F51DCE8EEB}.Debug|x86.ActiveCfg = Debug|x86
		{50F12CA6-2BAD-41F2-B673-A5F51DCE8EEB}.Debug|x86.Build.0 = Debug|x86
		{50F12CA6-2BAD-41F2-B673-A5F51DCE8EEB}.Release|Any CPU.ActiveCfg = Release|x86
		{50F12CA6-2BAD-41F2-B673-A5F51DCE8EEB}.Release|Mixed Platforms.ActiveCfg = Release|x86
		{50F12CA6-2BAD-41F2-B673-A5F51DCE8EEB}.Release|Mixed Platforms.Build.0 = Release|x86
		{50F12CA6-2BAD-41F2-B673-A5F51DCE8EEB}.Release|x86.ActiveCfg = Release|x86
		{50F12CA6-2BAD-41F2-B673-A5F51DCE8EEB}.Release|x86.Build.0 = Release|x86
		{2A9BB29A-631C-4FA8-880E-96E1960304C4}.Debug|Any CPU.ActiveCfg = Debug|Any CPU
		{2A9BB29A-631C-4FA8-880E-96E1960304C4}.Debug|Any CPU.Build.0 = Debug|Any CPU
		{2A9BB29A-631C-4FA8-880E-96E1960304C4}.Debug|Mixed Platforms.ActiveCfg = Debug|Any CPU
		{2A9BB29A-631C-4FA8-880E-96E1960304C4}.Debug|Mixed Platforms.Build.0 = Debug|Any CPU
		{2A9BB29A-631C-4FA8-880E-96E1960304C4}.Debug|x86.ActiveCfg = Debug|Any CPU
		{2A9BB29A-631C-4FA8-880E-96E1960304C4}.Release|Any CPU.ActiveCfg = Release|Any CPU
		{2A9BB29A-631C-4FA8-880E-96E1960304C4}.Release|Any CPU.Build.0 = Release|Any CPU
		{2A9BB29A-631C-4FA8-880E-96E1960304C4}.Release|Mixed Platforms.ActiveCfg = Release|Any CPU
		{2A9BB29A-631C-4FA8-880E-96E1960304C4}.Release|Mixed Platforms.Build.0 = Release|Any CPU
		{2A9BB29A-631C-4FA8-880E-96E1960304C4}.Release|x86.ActiveCfg = Release|Any CPU
		{CEB9DC46-AB3D-46EE-93CC-26F66400231E}.Debug|Any CPU.ActiveCfg = Debug|x86
		{CEB9DC46-AB3D-46EE-93CC-26F66400231E}.Debug|Any CPU.Build.0 = Debug|x86
		{CEB9DC46-AB3D-46EE-93CC-26F66400231E}.Debug|Mixed Platforms.ActiveCfg = Debug|x86
		{CEB9DC46-AB3D-46EE-93CC-26F66400231E}.Debug|Mixed Platforms.Build.0 = Debug|x86
		{CEB9DC46-AB3D-46EE-93CC-26F66400231E}.Debug|x86.ActiveCfg = Debug|x86
		{CEB9DC46-AB3D-46EE-93CC-26F66400231E}.Debug|x86.Build.0 = Debug|x86
		{CEB9DC46-AB3D-46EE-93CC-26F66400231E}.Release|Any CPU.ActiveCfg = Release|x86
		{CEB9DC46-AB3D-46EE-93CC-26F66400231E}.Release|Mixed Platforms.ActiveCfg = Release|x86
		{CEB9DC46-AB3D-46EE-93CC-26F66400231E}.Release|Mixed Platforms.Build.0 = Release|x86
		{CEB9DC46-AB3D-46EE-93CC-26F66400231E}.Release|x86.ActiveCfg = Release|x86
		{CEB9DC46-AB3D-46EE-93CC-26F66400231E}.Release|x86.Build.0 = Release|x86
		{1C294F46-A44F-4FED-BBC3-A929BA14BEA2}.Debug|Any CPU.ActiveCfg = Debug|x86
		{1C294F46-A44F-4FED-BBC3-A929BA14BEA2}.Debug|Any CPU.Build.0 = Debug|x86
		{1C294F46-A44F-4FED-BBC3-A929BA14BEA2}.Debug|Mixed Platforms.ActiveCfg = Debug|x86
		{1C294F46-A44F-4FED-BBC3-A929BA14BEA2}.Debug|Mixed Platforms.Build.0 = Debug|x86
		{1C294F46-A44F-4FED-BBC3-A929BA14BEA2}.Debug|x86.ActiveCfg = Debug|x86
		{1C294F46-A44F-4FED-BBC3-A929BA14BEA2}.Debug|x86.Build.0 = Debug|x86
		{1C294F46-A44F-4FED-BBC3-A929BA14BEA2}.Release|Any CPU.ActiveCfg = Release|x86
		{1C294F46-A44F-4FED-BBC3-A929BA14BEA2}.Release|Mixed Platforms.ActiveCfg = Release|x86
		{1C294F46-A44F-4FED-BBC3-A929BA14BEA2}.Release|Mixed Platforms.Build.0 = Release|x86
		{1C294F46-A44F-4FED-BBC3-A929BA14BEA2}.Release|x86.ActiveCfg = Release|x86
		{1C294F46-A44F-4FED-BBC3-A929BA14BEA2}.Release|x86.Build.0 = Release|x86
		{28CC3407-503C-429A-9A6D-6730121A72E4}.Debug|Any CPU.ActiveCfg = Debug|Any CPU
		{28CC3407-503C-429A-9A6D-6730121A72E4}.Debug|Any CPU.Build.0 = Debug|Any CPU
		{28CC3407-503C-429A-9A6D-6730121A72E4}.Debug|Mixed Platforms.ActiveCfg = Debug|Any CPU
		{28CC3407-503C-429A-9A6D-6730121A72E4}.Debug|Mixed Platforms.Build.0 = Debug|Any CPU
		{28CC3407-503C-429A-9A6D-6730121A72E4}.Debug|x86.ActiveCfg = Debug|Any CPU
		{28CC3407-503C-429A-9A6D-6730121A72E4}.Release|Any CPU.ActiveCfg = Release|Any CPU
		{28CC3407-503C-429A-9A6D-6730121A72E4}.Release|Any CPU.Build.0 = Release|Any CPU
		{28CC3407-503C-429A-9A6D-6730121A72E4}.Release|Mixed Platforms.ActiveCfg = Release|Any CPU
		{28CC3407-503C-429A-9A6D-6730121A72E4}.Release|Mixed Platforms.Build.0 = Release|Any CPU
		{28CC3407-503C-429A-9A6D-6730121A72E4}.Release|x86.ActiveCfg = Release|Any CPU
		{FC117CAE-1DA2-482B-8E1F-D6F9E84DAC09}.Debug|Any CPU.ActiveCfg = Debug|x86
		{FC117CAE-1DA2-482B-8E1F-D6F9E84DAC09}.Debug|Any CPU.Build.0 = Debug|x86
		{FC117CAE-1DA2-482B-8E1F-D6F9E84DAC09}.Debug|Mixed Platforms.ActiveCfg = Debug|x86
		{FC117CAE-1DA2-482B-8E1F-D6F9E84DAC09}.Debug|Mixed Platforms.Build.0 = Debug|x86
		{FC117CAE-1DA2-482B-8E1F-D6F9E84DAC09}.Debug|x86.ActiveCfg = Debug|x86
		{FC117CAE-1DA2-482B-8E1F-D6F9E84DAC09}.Debug|x86.Build.0 = Debug|x86
		{FC117CAE-1DA2-482B-8E1F-D6F9E84DAC09}.Release|Any CPU.ActiveCfg = Release|x86
		{FC117CAE-1DA2-482B-8E1F-D6F9E84DAC09}.Release|Mixed Platforms.ActiveCfg = Release|x86
		{FC117CAE-1DA2-482B-8E1F-D6F9E84DAC09}.Release|Mixed Platforms.Build.0 = Release|x86
		{FC117CAE-1DA2-482B-8E1F-D6F9E84DAC09}.Release|x86.ActiveCfg = Release|x86
		{FC117CAE-1DA2-482B-8E1F-D6F9E84DAC09}.Release|x86.Build.0 = Release|x86
		{C9712BD0-F2D3-4D36-AF3E-D2142B20CBE0}.Debug|Any CPU.ActiveCfg = Debug|Any CPU
		{C9712BD0-F2D3-4D36-AF3E-D2142B20CBE0}.Debug|Any CPU.Build.0 = Debug|Any CPU
		{C9712BD0-F2D3-4D36-AF3E-D2142B20CBE0}.Debug|Mixed Platforms.ActiveCfg = Debug|Any CPU
		{C9712BD0-F2D3-4D36-AF3E-D2142B20CBE0}.Debug|Mixed Platforms.Build.0 = Debug|Any CPU
		{C9712BD0-F2D3-4D36-AF3E-D2142B20CBE0}.Debug|x86.ActiveCfg = Debug|Any CPU
		{C9712BD0-F2D3-4D36-AF3E-D2142B20CBE0}.Release|Any CPU.ActiveCfg = Release|Any CPU
		{C9712BD0-F2D3-4D36-AF3E-D2142B20CBE0}.Release|Any CPU.Build.0 = Release|Any CPU
		{C9712BD0-F2D3-4D36-AF3E-D2142B20CBE0}.Release|Mixed Platforms.ActiveCfg = Release|Any CPU
		{C9712BD0-F2D3-4D36-AF3E-D2142B20CBE0}.Release|Mixed Platforms.Build.0 = Release|Any CPU
		{C9712BD0-F2D3-4D36-AF3E-D2142B20CBE0}.Release|x86.ActiveCfg = Release|Any CPU
		{E9D0EAEC-A102-42C3-82C8-ADEFEDC682D2}.Debug|Any CPU.ActiveCfg = Debug|Any CPU
		{E9D0EAEC-A102-42C3-82C8-ADEFEDC682D2}.Debug|Any CPU.Build.0 = Debug|Any CPU
		{E9D0EAEC-A102-42C3-82C8-ADEFEDC682D2}.Debug|Mixed Platforms.ActiveCfg = Debug|Any CPU
		{E9D0EAEC-A102-42C3-82C8-ADEFEDC682D2}.Debug|Mixed Platforms.Build.0 = Debug|Any CPU
		{E9D0EAEC-A102-42C3-82C8-ADEFEDC682D2}.Debug|x86.ActiveCfg = Debug|Any CPU
		{E9D0EAEC-A102-42C3-82C8-ADEFEDC682D2}.Release|Any CPU.ActiveCfg = Release|Any CPU
		{E9D0EAEC-A102-42C3-82C8-ADEFEDC682D2}.Release|Any CPU.Build.0 = Release|Any CPU
		{E9D0EAEC-A102-42C3-82C8-ADEFEDC682D2}.Release|Mixed Platforms.ActiveCfg = Release|Any CPU
		{E9D0EAEC-A102-42C3-82C8-ADEFEDC682D2}.Release|Mixed Platforms.Build.0 = Release|Any CPU
		{E9D0EAEC-A102-42C3-82C8-ADEFEDC682D2}.Release|x86.ActiveCfg = Release|Any CPU
		{AC65EE9F-89E2-47EA-BF79-7BDEADB72E43}.Debug|Any CPU.ActiveCfg = Debug|Any CPU
		{AC65EE9F-89E2-47EA-BF79-7BDEADB72E43}.Debug|Any CPU.Build.0 = Debug|Any CPU
		{AC65EE9F-89E2-47EA-BF79-7BDEADB72E43}.Debug|Mixed Platforms.ActiveCfg = Debug|Any CPU
		{AC65EE9F-89E2-47EA-BF79-7BDEADB72E43}.Debug|Mixed Platforms.Build.0 = Debug|Any CPU
		{AC65EE9F-89E2-47EA-BF79-7BDEADB72E43}.Debug|x86.ActiveCfg = Debug|Any CPU
		{AC65EE9F-89E2-47EA-BF79-7BDEADB72E43}.Release|Any CPU.ActiveCfg = Release|Any CPU
		{AC65EE9F-89E2-47EA-BF79-7BDEADB72E43}.Release|Any CPU.Build.0 = Release|Any CPU
		{AC65EE9F-89E2-47EA-BF79-7BDEADB72E43}.Release|Mixed Platforms.ActiveCfg = Release|Any CPU
		{AC65EE9F-89E2-47EA-BF79-7BDEADB72E43}.Release|Mixed Platforms.Build.0 = Release|Any CPU
		{AC65EE9F-89E2-47EA-BF79-7BDEADB72E43}.Release|x86.ActiveCfg = Release|Any CPU
		{6FF6E2BB-4C7B-466B-91DD-0BE664101E0B}.Debug|Any CPU.ActiveCfg = Debug|Any CPU
		{6FF6E2BB-4C7B-466B-91DD-0BE664101E0B}.Debug|Any CPU.Build.0 = Debug|Any CPU
		{6FF6E2BB-4C7B-466B-91DD-0BE664101E0B}.Debug|Mixed Platforms.ActiveCfg = Debug|Any CPU
		{6FF6E2BB-4C7B-466B-91DD-0BE664101E0B}.Debug|Mixed Platforms.Build.0 = Debug|Any CPU
		{6FF6E2BB-4C7B-466B-91DD-0BE664101E0B}.Debug|x86.ActiveCfg = Debug|Any CPU
		{6FF6E2BB-4C7B-466B-91DD-0BE664101E0B}.Release|Any CPU.ActiveCfg = Release|Any CPU
		{6FF6E2BB-4C7B-466B-91DD-0BE664101E0B}.Release|Any CPU.Build.0 = Release|Any CPU
		{6FF6E2BB-4C7B-466B-91DD-0BE664101E0B}.Release|Mixed Platforms.ActiveCfg = Release|Any CPU
		{6FF6E2BB-4C7B-466B-91DD-0BE664101E0B}.Release|Mixed Platforms.Build.0 = Release|Any CPU
		{6FF6E2BB-4C7B-466B-91DD-0BE664101E0B}.Release|x86.ActiveCfg = Release|Any CPU
		{57B61CB7-EADD-4023-B170-39E9B7EE38FB}.Debug|Any CPU.ActiveCfg = Debug|Any CPU
		{57B61CB7-EADD-4023-B170-39E9B7EE38FB}.Debug|Any CPU.Build.0 = Debug|Any CPU
		{57B61CB7-EADD-4023-B170-39E9B7EE38FB}.Debug|Mixed Platforms.ActiveCfg = Debug|Any CPU
		{57B61CB7-EADD-4023-B170-39E9B7EE38FB}.Debug|Mixed Platforms.Build.0 = Debug|Any CPU
		{57B61CB7-EADD-4023-B170-39E9B7EE38FB}.Debug|x86.ActiveCfg = Debug|Any CPU
		{57B61CB7-EADD-4023-B170-39E9B7EE38FB}.Release|Any CPU.ActiveCfg = Release|Any CPU
		{57B61CB7-EADD-4023-B170-39E9B7EE38FB}.Release|Any CPU.Build.0 = Release|Any CPU
		{57B61CB7-EADD-4023-B170-39E9B7EE38FB}.Release|Mixed Platforms.ActiveCfg = Release|Any CPU
		{57B61CB7-EADD-4023-B170-39E9B7EE38FB}.Release|Mixed Platforms.Build.0 = Release|Any CPU
		{57B61CB7-EADD-4023-B170-39E9B7EE38FB}.Release|x86.ActiveCfg = Release|Any CPU
		{5BEEFCA6-C450-43B0-A74F-1B788BE8F1A8}.Debug|Any CPU.ActiveCfg = Debug|Any CPU
		{5BEEFCA6-C450-43B0-A74F-1B788BE8F1A8}.Debug|Any CPU.Build.0 = Debug|Any CPU
		{5BEEFCA6-C450-43B0-A74F-1B788BE8F1A8}.Debug|Mixed Platforms.ActiveCfg = Debug|Any CPU
		{5BEEFCA6-C450-43B0-A74F-1B788BE8F1A8}.Debug|Mixed Platforms.Build.0 = Debug|Any CPU
		{5BEEFCA6-C450-43B0-A74F-1B788BE8F1A8}.Debug|x86.ActiveCfg = Debug|Any CPU
		{5BEEFCA6-C450-43B0-A74F-1B788BE8F1A8}.Release|Any CPU.ActiveCfg = Release|Any CPU
		{5BEEFCA6-C450-43B0-A74F-1B788BE8F1A8}.Release|Any CPU.Build.0 = Release|Any CPU
		{5BEEFCA6-C450-43B0-A74F-1B788BE8F1A8}.Release|Mixed Platforms.ActiveCfg = Release|Any CPU
		{5BEEFCA6-C450-43B0-A74F-1B788BE8F1A8}.Release|Mixed Platforms.Build.0 = Release|Any CPU
		{5BEEFCA6-C450-43B0-A74F-1B788BE8F1A8}.Release|x86.ActiveCfg = Release|Any CPU
		{A2EC15C8-B038-4C32-A294-14C9B6421E86}.Debug|Any CPU.ActiveCfg = Debug|Any CPU
		{A2EC15C8-B038-4C32-A294-14C9B6421E86}.Debug|Any CPU.Build.0 = Debug|Any CPU
		{A2EC15C8-B038-4C32-A294-14C9B6421E86}.Debug|Mixed Platforms.ActiveCfg = Debug|Any CPU
		{A2EC15C8-B038-4C32-A294-14C9B6421E86}.Debug|Mixed Platforms.Build.0 = Debug|Any CPU
		{A2EC15C8-B038-4C32-A294-14C9B6421E86}.Debug|x86.ActiveCfg = Debug|Any CPU
		{A2EC15C8-B038-4C32-A294-14C9B6421E86}.Release|Any CPU.ActiveCfg = Release|Any CPU
		{A2EC15C8-B038-4C32-A294-14C9B6421E86}.Release|Any CPU.Build.0 = Release|Any CPU
		{A2EC15C8-B038-4C32-A294-14C9B6421E86}.Release|Mixed Platforms.ActiveCfg = Release|Any CPU
		{A2EC15C8-B038-4C32-A294-14C9B6421E86}.Release|Mixed Platforms.Build.0 = Release|Any CPU
		{A2EC15C8-B038-4C32-A294-14C9B6421E86}.Release|x86.ActiveCfg = Release|Any CPU
		{53BAB261-6904-4BFF-8C8B-C302F613384D}.Debug|Any CPU.ActiveCfg = Debug|Any CPU
		{53BAB261-6904-4BFF-8C8B-C302F613384D}.Debug|Any CPU.Build.0 = Debug|Any CPU
		{53BAB261-6904-4BFF-8C8B-C302F613384D}.Debug|Mixed Platforms.ActiveCfg = Debug|Any CPU
		{53BAB261-6904-4BFF-8C8B-C302F613384D}.Debug|Mixed Platforms.Build.0 = Debug|Any CPU
		{53BAB261-6904-4BFF-8C8B-C302F613384D}.Debug|x86.ActiveCfg = Debug|Any CPU
		{53BAB261-6904-4BFF-8C8B-C302F613384D}.Release|Any CPU.ActiveCfg = Release|Any CPU
		{53BAB261-6904-4BFF-8C8B-C302F613384D}.Release|Any CPU.Build.0 = Release|Any CPU
		{53BAB261-6904-4BFF-8C8B-C302F613384D}.Release|Mixed Platforms.ActiveCfg = Release|Any CPU
		{53BAB261-6904-4BFF-8C8B-C302F613384D}.Release|Mixed Platforms.Build.0 = Release|Any CPU
		{53BAB261-6904-4BFF-8C8B-C302F613384D}.Release|x86.ActiveCfg = Release|Any CPU
		{E90D3A2E-C524-48F3-B9B8-F84AE22DEE30}.Debug|Any CPU.ActiveCfg = Debug|Any CPU
		{E90D3A2E-C524-48F3-B9B8-F84AE22DEE30}.Debug|Any CPU.Build.0 = Debug|Any CPU
		{E90D3A2E-C524-48F3-B9B8-F84AE22DEE30}.Debug|Mixed Platforms.ActiveCfg = Debug|Any CPU
		{E90D3A2E-C524-48F3-B9B8-F84AE22DEE30}.Debug|Mixed Platforms.Build.0 = Debug|Any CPU
		{E90D3A2E-C524-48F3-B9B8-F84AE22DEE30}.Debug|x86.ActiveCfg = Debug|Any CPU
		{E90D3A2E-C524-48F3-B9B8-F84AE22DEE30}.Release|Any CPU.ActiveCfg = Release|Any CPU
		{E90D3A2E-C524-48F3-B9B8-F84AE22DEE30}.Release|Any CPU.Build.0 = Release|Any CPU
		{E90D3A2E-C524-48F3-B9B8-F84AE22DEE30}.Release|Mixed Platforms.ActiveCfg = Release|Any CPU
		{E90D3A2E-C524-48F3-B9B8-F84AE22DEE30}.Release|Mixed Platforms.Build.0 = Release|Any CPU
		{E90D3A2E-C524-48F3-B9B8-F84AE22DEE30}.Release|x86.ActiveCfg = Release|Any CPU
		{3021A9B3-2C1E-4638-BE6A-E195F6952DFF}.Debug|Any CPU.ActiveCfg = Debug|Any CPU
		{3021A9B3-2C1E-4638-BE6A-E195F6952DFF}.Debug|Any CPU.Build.0 = Debug|Any CPU
		{3021A9B3-2C1E-4638-BE6A-E195F6952DFF}.Debug|Mixed Platforms.ActiveCfg = Debug|Any CPU
		{3021A9B3-2C1E-4638-BE6A-E195F6952DFF}.Debug|Mixed Platforms.Build.0 = Debug|Any CPU
		{3021A9B3-2C1E-4638-BE6A-E195F6952DFF}.Debug|x86.ActiveCfg = Debug|Any CPU
		{3021A9B3-2C1E-4638-BE6A-E195F6952DFF}.Release|Any CPU.ActiveCfg = Release|Any CPU
		{3021A9B3-2C1E-4638-BE6A-E195F6952DFF}.Release|Any CPU.Build.0 = Release|Any CPU
		{3021A9B3-2C1E-4638-BE6A-E195F6952DFF}.Release|Mixed Platforms.ActiveCfg = Release|Any CPU
		{3021A9B3-2C1E-4638-BE6A-E195F6952DFF}.Release|Mixed Platforms.Build.0 = Release|Any CPU
		{3021A9B3-2C1E-4638-BE6A-E195F6952DFF}.Release|x86.ActiveCfg = Release|Any CPU
		{AF4D5A8D-FF6B-4466-AD92-60FE63336870}.Debug|Any CPU.ActiveCfg = Debug|Any CPU
		{AF4D5A8D-FF6B-4466-AD92-60FE63336870}.Debug|Any CPU.Build.0 = Debug|Any CPU
		{AF4D5A8D-FF6B-4466-AD92-60FE63336870}.Debug|Mixed Platforms.ActiveCfg = Debug|Any CPU
		{AF4D5A8D-FF6B-4466-AD92-60FE63336870}.Debug|Mixed Platforms.Build.0 = Debug|Any CPU
		{AF4D5A8D-FF6B-4466-AD92-60FE63336870}.Debug|x86.ActiveCfg = Debug|Any CPU
		{AF4D5A8D-FF6B-4466-AD92-60FE63336870}.Release|Any CPU.ActiveCfg = Release|Any CPU
		{AF4D5A8D-FF6B-4466-AD92-60FE63336870}.Release|Any CPU.Build.0 = Release|Any CPU
		{AF4D5A8D-FF6B-4466-AD92-60FE63336870}.Release|Mixed Platforms.ActiveCfg = Release|Any CPU
		{AF4D5A8D-FF6B-4466-AD92-60FE63336870}.Release|Mixed Platforms.Build.0 = Release|Any CPU
		{AF4D5A8D-FF6B-4466-AD92-60FE63336870}.Release|x86.ActiveCfg = Release|Any CPU
		{037BCDC6-034F-437D-B9A7-1B9EF12A9936}.Debug|Any CPU.ActiveCfg = Debug|Any CPU
		{037BCDC6-034F-437D-B9A7-1B9EF12A9936}.Debug|Any CPU.Build.0 = Debug|Any CPU
		{037BCDC6-034F-437D-B9A7-1B9EF12A9936}.Debug|Mixed Platforms.ActiveCfg = Debug|Any CPU
		{037BCDC6-034F-437D-B9A7-1B9EF12A9936}.Debug|Mixed Platforms.Build.0 = Debug|Any CPU
		{037BCDC6-034F-437D-B9A7-1B9EF12A9936}.Debug|x86.ActiveCfg = Debug|Any CPU
		{037BCDC6-034F-437D-B9A7-1B9EF12A9936}.Release|Any CPU.ActiveCfg = Release|Any CPU
		{037BCDC6-034F-437D-B9A7-1B9EF12A9936}.Release|Any CPU.Build.0 = Release|Any CPU
		{037BCDC6-034F-437D-B9A7-1B9EF12A9936}.Release|Mixed Platforms.ActiveCfg = Release|Any CPU
		{037BCDC6-034F-437D-B9A7-1B9EF12A9936}.Release|Mixed Platforms.Build.0 = Release|Any CPU
		{037BCDC6-034F-437D-B9A7-1B9EF12A9936}.Release|x86.ActiveCfg = Release|Any CPU
		{35B96B45-35BB-4689-843D-741BC71AFB4B}.Debug|Any CPU.ActiveCfg = Debug|Any CPU
		{35B96B45-35BB-4689-843D-741BC71AFB4B}.Debug|Any CPU.Build.0 = Debug|Any CPU
		{35B96B45-35BB-4689-843D-741BC71AFB4B}.Debug|Mixed Platforms.ActiveCfg = Debug|Any CPU
		{35B96B45-35BB-4689-843D-741BC71AFB4B}.Debug|Mixed Platforms.Build.0 = Debug|Any CPU
		{35B96B45-35BB-4689-843D-741BC71AFB4B}.Debug|x86.ActiveCfg = Debug|Any CPU
		{35B96B45-35BB-4689-843D-741BC71AFB4B}.Release|Any CPU.ActiveCfg = Release|Any CPU
		{35B96B45-35BB-4689-843D-741BC71AFB4B}.Release|Any CPU.Build.0 = Release|Any CPU
		{35B96B45-35BB-4689-843D-741BC71AFB4B}.Release|Mixed Platforms.ActiveCfg = Release|Any CPU
		{35B96B45-35BB-4689-843D-741BC71AFB4B}.Release|Mixed Platforms.Build.0 = Release|Any CPU
		{35B96B45-35BB-4689-843D-741BC71AFB4B}.Release|x86.ActiveCfg = Release|Any CPU
		{C283057C-3210-49AA-A71A-EA26120D1158}.Debug|Any CPU.ActiveCfg = Debug|Any CPU
		{C283057C-3210-49AA-A71A-EA26120D1158}.Debug|Any CPU.Build.0 = Debug|Any CPU
		{C283057C-3210-49AA-A71A-EA26120D1158}.Debug|Mixed Platforms.ActiveCfg = Debug|Any CPU
		{C283057C-3210-49AA-A71A-EA26120D1158}.Debug|Mixed Platforms.Build.0 = Debug|Any CPU
		{C283057C-3210-49AA-A71A-EA26120D1158}.Debug|x86.ActiveCfg = Debug|Any CPU
		{C283057C-3210-49AA-A71A-EA26120D1158}.Release|Any CPU.ActiveCfg = Release|Any CPU
		{C283057C-3210-49AA-A71A-EA26120D1158}.Release|Any CPU.Build.0 = Release|Any CPU
		{C283057C-3210-49AA-A71A-EA26120D1158}.Release|Mixed Platforms.ActiveCfg = Release|Any CPU
		{C283057C-3210-49AA-A71A-EA26120D1158}.Release|Mixed Platforms.Build.0 = Release|Any CPU
		{C283057C-3210-49AA-A71A-EA26120D1158}.Release|x86.ActiveCfg = Release|Any CPU
		{1EA44816-A168-4BE9-BC52-DEFE6A452F38}.Debug|Any CPU.ActiveCfg = Debug|Any CPU
		{1EA44816-A168-4BE9-BC52-DEFE6A452F38}.Debug|Any CPU.Build.0 = Debug|Any CPU
		{1EA44816-A168-4BE9-BC52-DEFE6A452F38}.Debug|Mixed Platforms.ActiveCfg = Debug|Any CPU
		{1EA44816-A168-4BE9-BC52-DEFE6A452F38}.Debug|Mixed Platforms.Build.0 = Debug|Any CPU
		{1EA44816-A168-4BE9-BC52-DEFE6A452F38}.Debug|x86.ActiveCfg = Debug|Any CPU
		{1EA44816-A168-4BE9-BC52-DEFE6A452F38}.Release|Any CPU.ActiveCfg = Release|Any CPU
		{1EA44816-A168-4BE9-BC52-DEFE6A452F38}.Release|Any CPU.Build.0 = Release|Any CPU
		{1EA44816-A168-4BE9-BC52-DEFE6A452F38}.Release|Mixed Platforms.ActiveCfg = Release|Any CPU
		{1EA44816-A168-4BE9-BC52-DEFE6A452F38}.Release|Mixed Platforms.Build.0 = Release|Any CPU
		{1EA44816-A168-4BE9-BC52-DEFE6A452F38}.Release|x86.ActiveCfg = Release|Any CPU
		{56FB0DCE-06D2-4D9C-82D4-DB9ADEA97914}.Debug|Any CPU.ActiveCfg = Debug|Any CPU
		{56FB0DCE-06D2-4D9C-82D4-DB9ADEA97914}.Debug|Any CPU.Build.0 = Debug|Any CPU
		{56FB0DCE-06D2-4D9C-82D4-DB9ADEA97914}.Debug|Mixed Platforms.ActiveCfg = Debug|Any CPU
		{56FB0DCE-06D2-4D9C-82D4-DB9ADEA97914}.Debug|Mixed Platforms.Build.0 = Debug|Any CPU
		{56FB0DCE-06D2-4D9C-82D4-DB9ADEA97914}.Debug|x86.ActiveCfg = Debug|Any CPU
		{56FB0DCE-06D2-4D9C-82D4-DB9ADEA97914}.Release|Any CPU.ActiveCfg = Release|Any CPU
		{56FB0DCE-06D2-4D9C-82D4-DB9ADEA97914}.Release|Any CPU.Build.0 = Release|Any CPU
		{56FB0DCE-06D2-4D9C-82D4-DB9ADEA97914}.Release|Mixed Platforms.ActiveCfg = Release|Any CPU
		{56FB0DCE-06D2-4D9C-82D4-DB9ADEA97914}.Release|Mixed Platforms.Build.0 = Release|Any CPU
		{56FB0DCE-06D2-4D9C-82D4-DB9ADEA97914}.Release|x86.ActiveCfg = Release|Any CPU
		{1FEF0CB4-5217-44A5-B944-A5D22C430506}.Debug|Any CPU.ActiveCfg = Debug|Any CPU
		{1FEF0CB4-5217-44A5-B944-A5D22C430506}.Debug|Any CPU.Build.0 = Debug|Any CPU
		{1FEF0CB4-5217-44A5-B944-A5D22C430506}.Debug|Mixed Platforms.ActiveCfg = Debug|Any CPU
		{1FEF0CB4-5217-44A5-B944-A5D22C430506}.Debug|Mixed Platforms.Build.0 = Debug|Any CPU
		{1FEF0CB4-5217-44A5-B944-A5D22C430506}.Debug|x86.ActiveCfg = Debug|Any CPU
		{1FEF0CB4-5217-44A5-B944-A5D22C430506}.Release|Any CPU.ActiveCfg = Release|Any CPU
		{1FEF0CB4-5217-44A5-B944-A5D22C430506}.Release|Any CPU.Build.0 = Release|Any CPU
		{1FEF0CB4-5217-44A5-B944-A5D22C430506}.Release|Mixed Platforms.ActiveCfg = Release|Any CPU
		{1FEF0CB4-5217-44A5-B944-A5D22C430506}.Release|Mixed Platforms.Build.0 = Release|Any CPU
		{1FEF0CB4-5217-44A5-B944-A5D22C430506}.Release|x86.ActiveCfg = Release|Any CPU
		{EBF76FD4-1985-444F-8425-BB5C8681980F}.Debug|Any CPU.ActiveCfg = Debug|Any CPU
		{EBF76FD4-1985-444F-8425-BB5C8681980F}.Debug|Any CPU.Build.0 = Debug|Any CPU
		{EBF76FD4-1985-444F-8425-BB5C8681980F}.Debug|Mixed Platforms.ActiveCfg = Debug|Any CPU
		{EBF76FD4-1985-444F-8425-BB5C8681980F}.Debug|Mixed Platforms.Build.0 = Debug|Any CPU
		{EBF76FD4-1985-444F-8425-BB5C8681980F}.Debug|x86.ActiveCfg = Debug|Any CPU
		{EBF76FD4-1985-444F-8425-BB5C8681980F}.Release|Any CPU.ActiveCfg = Release|Any CPU
		{EBF76FD4-1985-444F-8425-BB5C8681980F}.Release|Any CPU.Build.0 = Release|Any CPU
		{EBF76FD4-1985-444F-8425-BB5C8681980F}.Release|Mixed Platforms.ActiveCfg = Release|Any CPU
		{EBF76FD4-1985-444F-8425-BB5C8681980F}.Release|Mixed Platforms.Build.0 = Release|Any CPU
		{EBF76FD4-1985-444F-8425-BB5C8681980F}.Release|x86.ActiveCfg = Release|Any CPU
		{184026CC-EBE2-4B0D-BDD2-79D8A286B70A}.Debug|Any CPU.ActiveCfg = Debug|Any CPU
		{184026CC-EBE2-4B0D-BDD2-79D8A286B70A}.Debug|Any CPU.Build.0 = Debug|Any CPU
		{184026CC-EBE2-4B0D-BDD2-79D8A286B70A}.Debug|Mixed Platforms.ActiveCfg = Debug|Any CPU
		{184026CC-EBE2-4B0D-BDD2-79D8A286B70A}.Debug|Mixed Platforms.Build.0 = Debug|Any CPU
		{184026CC-EBE2-4B0D-BDD2-79D8A286B70A}.Debug|x86.ActiveCfg = Debug|Any CPU
		{184026CC-EBE2-4B0D-BDD2-79D8A286B70A}.Release|Any CPU.ActiveCfg = Release|Any CPU
		{184026CC-EBE2-4B0D-BDD2-79D8A286B70A}.Release|Any CPU.Build.0 = Release|Any CPU
		{184026CC-EBE2-4B0D-BDD2-79D8A286B70A}.Release|Mixed Platforms.ActiveCfg = Release|Any CPU
		{184026CC-EBE2-4B0D-BDD2-79D8A286B70A}.Release|Mixed Platforms.Build.0 = Release|Any CPU
		{184026CC-EBE2-4B0D-BDD2-79D8A286B70A}.Release|x86.ActiveCfg = Release|Any CPU
		{5E487C17-E385-433F-87AE-6DB0A3EBDBC5}.Debug|Any CPU.ActiveCfg = Debug|Any CPU
		{5E487C17-E385-433F-87AE-6DB0A3EBDBC5}.Debug|Any CPU.Build.0 = Debug|Any CPU
		{5E487C17-E385-433F-87AE-6DB0A3EBDBC5}.Debug|Mixed Platforms.ActiveCfg = Debug|Any CPU
		{5E487C17-E385-433F-87AE-6DB0A3EBDBC5}.Debug|Mixed Platforms.Build.0 = Debug|Any CPU
		{5E487C17-E385-433F-87AE-6DB0A3EBDBC5}.Debug|x86.ActiveCfg = Debug|Any CPU
		{5E487C17-E385-433F-87AE-6DB0A3EBDBC5}.Release|Any CPU.ActiveCfg = Release|Any CPU
		{5E487C17-E385-433F-87AE-6DB0A3EBDBC5}.Release|Any CPU.Build.0 = Release|Any CPU
		{5E487C17-E385-433F-87AE-6DB0A3EBDBC5}.Release|Mixed Platforms.ActiveCfg = Release|Any CPU
		{5E487C17-E385-433F-87AE-6DB0A3EBDBC5}.Release|Mixed Platforms.Build.0 = Release|Any CPU
		{5E487C17-E385-433F-87AE-6DB0A3EBDBC5}.Release|x86.ActiveCfg = Release|Any CPU
		{2937D927-186A-401F-8DCC-0A7C1EE69179}.Debug|Any CPU.ActiveCfg = Debug|Any CPU
		{2937D927-186A-401F-8DCC-0A7C1EE69179}.Debug|Any CPU.Build.0 = Debug|Any CPU
		{2937D927-186A-401F-8DCC-0A7C1EE69179}.Debug|Mixed Platforms.ActiveCfg = Debug|Any CPU
		{2937D927-186A-401F-8DCC-0A7C1EE69179}.Debug|Mixed Platforms.Build.0 = Debug|Any CPU
		{2937D927-186A-401F-8DCC-0A7C1EE69179}.Debug|x86.ActiveCfg = Debug|Any CPU
		{2937D927-186A-401F-8DCC-0A7C1EE69179}.Release|Any CPU.ActiveCfg = Release|Any CPU
		{2937D927-186A-401F-8DCC-0A7C1EE69179}.Release|Any CPU.Build.0 = Release|Any CPU
		{2937D927-186A-401F-8DCC-0A7C1EE69179}.Release|Mixed Platforms.ActiveCfg = Release|Any CPU
		{2937D927-186A-401F-8DCC-0A7C1EE69179}.Release|Mixed Platforms.Build.0 = Release|Any CPU
		{2937D927-186A-401F-8DCC-0A7C1EE69179}.Release|x86.ActiveCfg = Release|Any CPU
		{7DD6529C-78A6-4712-8280-E7A4AB6B49D9}.Debug|Any CPU.ActiveCfg = Debug|Any CPU
		{7DD6529C-78A6-4712-8280-E7A4AB6B49D9}.Debug|Any CPU.Build.0 = Debug|Any CPU
		{7DD6529C-78A6-4712-8280-E7A4AB6B49D9}.Debug|Mixed Platforms.ActiveCfg = Debug|Any CPU
		{7DD6529C-78A6-4712-8280-E7A4AB6B49D9}.Debug|Mixed Platforms.Build.0 = Debug|Any CPU
		{7DD6529C-78A6-4712-8280-E7A4AB6B49D9}.Debug|x86.ActiveCfg = Debug|Any CPU
		{7DD6529C-78A6-4712-8280-E7A4AB6B49D9}.Release|Any CPU.ActiveCfg = Release|Any CPU
		{7DD6529C-78A6-4712-8280-E7A4AB6B49D9}.Release|Any CPU.Build.0 = Release|Any CPU
		{7DD6529C-78A6-4712-8280-E7A4AB6B49D9}.Release|Mixed Platforms.ActiveCfg = Release|Any CPU
		{7DD6529C-78A6-4712-8280-E7A4AB6B49D9}.Release|Mixed Platforms.Build.0 = Release|Any CPU
		{7DD6529C-78A6-4712-8280-E7A4AB6B49D9}.Release|x86.ActiveCfg = Release|Any CPU
		{A4FDBF68-3648-4B69-BE11-CC61B43708FC}.Debug|Any CPU.ActiveCfg = Debug|Any CPU
		{A4FDBF68-3648-4B69-BE11-CC61B43708FC}.Debug|Any CPU.Build.0 = Debug|Any CPU
		{A4FDBF68-3648-4B69-BE11-CC61B43708FC}.Debug|Mixed Platforms.ActiveCfg = Debug|Any CPU
		{A4FDBF68-3648-4B69-BE11-CC61B43708FC}.Debug|Mixed Platforms.Build.0 = Debug|Any CPU
		{A4FDBF68-3648-4B69-BE11-CC61B43708FC}.Debug|x86.ActiveCfg = Debug|Any CPU
		{A4FDBF68-3648-4B69-BE11-CC61B43708FC}.Release|Any CPU.ActiveCfg = Release|Any CPU
		{A4FDBF68-3648-4B69-BE11-CC61B43708FC}.Release|Any CPU.Build.0 = Release|Any CPU
		{A4FDBF68-3648-4B69-BE11-CC61B43708FC}.Release|Mixed Platforms.ActiveCfg = Release|Any CPU
		{A4FDBF68-3648-4B69-BE11-CC61B43708FC}.Release|Mixed Platforms.Build.0 = Release|Any CPU
		{A4FDBF68-3648-4B69-BE11-CC61B43708FC}.Release|x86.ActiveCfg = Release|Any CPU
		{8AA4EB17-323D-4448-8CE6-2F8DB5C54786}.Debug|Any CPU.ActiveCfg = Debug|Any CPU
		{8AA4EB17-323D-4448-8CE6-2F8DB5C54786}.Debug|Any CPU.Build.0 = Debug|Any CPU
		{8AA4EB17-323D-4448-8CE6-2F8DB5C54786}.Debug|Mixed Platforms.ActiveCfg = Debug|Any CPU
		{8AA4EB17-323D-4448-8CE6-2F8DB5C54786}.Debug|Mixed Platforms.Build.0 = Debug|Any CPU
		{8AA4EB17-323D-4448-8CE6-2F8DB5C54786}.Debug|x86.ActiveCfg = Debug|Any CPU
		{8AA4EB17-323D-4448-8CE6-2F8DB5C54786}.Release|Any CPU.ActiveCfg = Release|Any CPU
		{8AA4EB17-323D-4448-8CE6-2F8DB5C54786}.Release|Any CPU.Build.0 = Release|Any CPU
		{8AA4EB17-323D-4448-8CE6-2F8DB5C54786}.Release|Mixed Platforms.ActiveCfg = Release|Any CPU
		{8AA4EB17-323D-4448-8CE6-2F8DB5C54786}.Release|Mixed Platforms.Build.0 = Release|Any CPU
		{8AA4EB17-323D-4448-8CE6-2F8DB5C54786}.Release|x86.ActiveCfg = Release|Any CPU
		{1FF6FD53-4E9E-44A0-85B4-B2E2C8E030DD}.Debug|Any CPU.ActiveCfg = Debug|Any CPU
		{1FF6FD53-4E9E-44A0-85B4-B2E2C8E030DD}.Debug|Any CPU.Build.0 = Debug|Any CPU
		{1FF6FD53-4E9E-44A0-85B4-B2E2C8E030DD}.Debug|Mixed Platforms.ActiveCfg = Debug|Any CPU
		{1FF6FD53-4E9E-44A0-85B4-B2E2C8E030DD}.Debug|Mixed Platforms.Build.0 = Debug|Any CPU
		{1FF6FD53-4E9E-44A0-85B4-B2E2C8E030DD}.Debug|x86.ActiveCfg = Debug|Any CPU
		{1FF6FD53-4E9E-44A0-85B4-B2E2C8E030DD}.Debug|x86.Build.0 = Debug|Any CPU
		{1FF6FD53-4E9E-44A0-85B4-B2E2C8E030DD}.Release|Any CPU.ActiveCfg = Release|Any CPU
		{1FF6FD53-4E9E-44A0-85B4-B2E2C8E030DD}.Release|Any CPU.Build.0 = Release|Any CPU
		{1FF6FD53-4E9E-44A0-85B4-B2E2C8E030DD}.Release|Mixed Platforms.ActiveCfg = Release|Any CPU
		{1FF6FD53-4E9E-44A0-85B4-B2E2C8E030DD}.Release|Mixed Platforms.Build.0 = Release|Any CPU
		{1FF6FD53-4E9E-44A0-85B4-B2E2C8E030DD}.Release|x86.ActiveCfg = Release|Any CPU
		{1FF6FD53-4E9E-44A0-85B4-B2E2C8E030DD}.Release|x86.Build.0 = Release|Any CPU
		{58CC548B-A4D5-4AE2-A6EE-CD4637FDC3D5}.Debug|Any CPU.ActiveCfg = Debug|Any CPU
		{58CC548B-A4D5-4AE2-A6EE-CD4637FDC3D5}.Debug|Any CPU.Build.0 = Debug|Any CPU
		{58CC548B-A4D5-4AE2-A6EE-CD4637FDC3D5}.Debug|Mixed Platforms.ActiveCfg = Debug|Any CPU
		{58CC548B-A4D5-4AE2-A6EE-CD4637FDC3D5}.Debug|Mixed Platforms.Build.0 = Debug|Any CPU
		{58CC548B-A4D5-4AE2-A6EE-CD4637FDC3D5}.Debug|x86.ActiveCfg = Debug|Any CPU
		{58CC548B-A4D5-4AE2-A6EE-CD4637FDC3D5}.Debug|x86.Build.0 = Debug|Any CPU
		{58CC548B-A4D5-4AE2-A6EE-CD4637FDC3D5}.Release|Any CPU.ActiveCfg = Release|Any CPU
		{58CC548B-A4D5-4AE2-A6EE-CD4637FDC3D5}.Release|Any CPU.Build.0 = Release|Any CPU
		{58CC548B-A4D5-4AE2-A6EE-CD4637FDC3D5}.Release|Mixed Platforms.ActiveCfg = Release|Any CPU
		{58CC548B-A4D5-4AE2-A6EE-CD4637FDC3D5}.Release|Mixed Platforms.Build.0 = Release|Any CPU
		{58CC548B-A4D5-4AE2-A6EE-CD4637FDC3D5}.Release|x86.ActiveCfg = Release|Any CPU
		{58CC548B-A4D5-4AE2-A6EE-CD4637FDC3D5}.Release|x86.Build.0 = Release|Any CPU
		{420D094F-624C-4702-A75E-DBEBAB847066}.Debug|Any CPU.ActiveCfg = Debug|Any CPU
		{420D094F-624C-4702-A75E-DBEBAB847066}.Debug|Any CPU.Build.0 = Debug|Any CPU
		{420D094F-624C-4702-A75E-DBEBAB847066}.Debug|Mixed Platforms.ActiveCfg = Debug|Any CPU
		{420D094F-624C-4702-A75E-DBEBAB847066}.Debug|Mixed Platforms.Build.0 = Debug|Any CPU
		{420D094F-624C-4702-A75E-DBEBAB847066}.Debug|x86.ActiveCfg = Debug|Any CPU
		{420D094F-624C-4702-A75E-DBEBAB847066}.Debug|x86.Build.0 = Debug|Any CPU
		{420D094F-624C-4702-A75E-DBEBAB847066}.Release|Any CPU.ActiveCfg = Release|Any CPU
		{420D094F-624C-4702-A75E-DBEBAB847066}.Release|Any CPU.Build.0 = Release|Any CPU
		{420D094F-624C-4702-A75E-DBEBAB847066}.Release|Mixed Platforms.ActiveCfg = Release|Any CPU
		{420D094F-624C-4702-A75E-DBEBAB847066}.Release|Mixed Platforms.Build.0 = Release|Any CPU
		{420D094F-624C-4702-A75E-DBEBAB847066}.Release|x86.ActiveCfg = Release|Any CPU
		{420D094F-624C-4702-A75E-DBEBAB847066}.Release|x86.Build.0 = Release|Any CPU
		{38189664-0A9D-4899-A58B-1081FF737DF9}.Debug|Any CPU.ActiveCfg = Debug|Any CPU
		{38189664-0A9D-4899-A58B-1081FF737DF9}.Debug|Any CPU.Build.0 = Debug|Any CPU
		{38189664-0A9D-4899-A58B-1081FF737DF9}.Debug|Mixed Platforms.ActiveCfg = Debug|Any CPU
		{38189664-0A9D-4899-A58B-1081FF737DF9}.Debug|Mixed Platforms.Build.0 = Debug|Any CPU
		{38189664-0A9D-4899-A58B-1081FF737DF9}.Debug|x86.ActiveCfg = Debug|Any CPU
		{38189664-0A9D-4899-A58B-1081FF737DF9}.Debug|x86.Build.0 = Debug|Any CPU
		{38189664-0A9D-4899-A58B-1081FF737DF9}.Release|Any CPU.ActiveCfg = Release|Any CPU
		{38189664-0A9D-4899-A58B-1081FF737DF9}.Release|Any CPU.Build.0 = Release|Any CPU
		{38189664-0A9D-4899-A58B-1081FF737DF9}.Release|Mixed Platforms.ActiveCfg = Release|Any CPU
		{38189664-0A9D-4899-A58B-1081FF737DF9}.Release|Mixed Platforms.Build.0 = Release|Any CPU
		{38189664-0A9D-4899-A58B-1081FF737DF9}.Release|x86.ActiveCfg = Release|Any CPU
		{38189664-0A9D-4899-A58B-1081FF737DF9}.Release|x86.Build.0 = Release|Any CPU
		{92005580-B9F5-44F0-90C0-3B54B54FE72A}.Debug|Any CPU.ActiveCfg = Debug|Any CPU
		{92005580-B9F5-44F0-90C0-3B54B54FE72A}.Debug|Any CPU.Build.0 = Debug|Any CPU
		{92005580-B9F5-44F0-90C0-3B54B54FE72A}.Debug|Mixed Platforms.ActiveCfg = Debug|Any CPU
		{92005580-B9F5-44F0-90C0-3B54B54FE72A}.Debug|Mixed Platforms.Build.0 = Debug|Any CPU
		{92005580-B9F5-44F0-90C0-3B54B54FE72A}.Debug|x86.ActiveCfg = Debug|Any CPU
		{92005580-B9F5-44F0-90C0-3B54B54FE72A}.Debug|x86.Build.0 = Debug|Any CPU
		{92005580-B9F5-44F0-90C0-3B54B54FE72A}.Release|Any CPU.ActiveCfg = Release|Any CPU
		{92005580-B9F5-44F0-90C0-3B54B54FE72A}.Release|Any CPU.Build.0 = Release|Any CPU
		{92005580-B9F5-44F0-90C0-3B54B54FE72A}.Release|Mixed Platforms.ActiveCfg = Release|Any CPU
		{92005580-B9F5-44F0-90C0-3B54B54FE72A}.Release|Mixed Platforms.Build.0 = Release|Any CPU
		{92005580-B9F5-44F0-90C0-3B54B54FE72A}.Release|x86.ActiveCfg = Release|Any CPU
		{92005580-B9F5-44F0-90C0-3B54B54FE72A}.Release|x86.Build.0 = Release|Any CPU
		{D58713F4-1A9B-448F-B060-579822C17734}.Debug|Any CPU.ActiveCfg = Debug|Any CPU
		{D58713F4-1A9B-448F-B060-579822C17734}.Debug|Any CPU.Build.0 = Debug|Any CPU
		{D58713F4-1A9B-448F-B060-579822C17734}.Debug|Mixed Platforms.ActiveCfg = Debug|Any CPU
		{D58713F4-1A9B-448F-B060-579822C17734}.Debug|Mixed Platforms.Build.0 = Debug|Any CPU
		{D58713F4-1A9B-448F-B060-579822C17734}.Debug|x86.ActiveCfg = Debug|Any CPU
		{D58713F4-1A9B-448F-B060-579822C17734}.Debug|x86.Build.0 = Debug|Any CPU
		{D58713F4-1A9B-448F-B060-579822C17734}.Release|Any CPU.ActiveCfg = Release|Any CPU
		{D58713F4-1A9B-448F-B060-579822C17734}.Release|Any CPU.Build.0 = Release|Any CPU
		{D58713F4-1A9B-448F-B060-579822C17734}.Release|Mixed Platforms.ActiveCfg = Release|Any CPU
		{D58713F4-1A9B-448F-B060-579822C17734}.Release|Mixed Platforms.Build.0 = Release|Any CPU
		{D58713F4-1A9B-448F-B060-579822C17734}.Release|x86.ActiveCfg = Release|Any CPU
		{D58713F4-1A9B-448F-B060-579822C17734}.Release|x86.Build.0 = Release|Any CPU
		{6F095CD4-C54A-4FDB-9298-03998EEB1B4C}.Debug|Any CPU.ActiveCfg = Debug|Any CPU
		{6F095CD4-C54A-4FDB-9298-03998EEB1B4C}.Debug|Any CPU.Build.0 = Debug|Any CPU
		{6F095CD4-C54A-4FDB-9298-03998EEB1B4C}.Debug|Mixed Platforms.ActiveCfg = Debug|Any CPU
		{6F095CD4-C54A-4FDB-9298-03998EEB1B4C}.Debug|Mixed Platforms.Build.0 = Debug|Any CPU
		{6F095CD4-C54A-4FDB-9298-03998EEB1B4C}.Debug|x86.ActiveCfg = Debug|Any CPU
		{6F095CD4-C54A-4FDB-9298-03998EEB1B4C}.Debug|x86.Build.0 = Debug|Any CPU
		{6F095CD4-C54A-4FDB-9298-03998EEB1B4C}.Release|Any CPU.ActiveCfg = Release|Any CPU
		{6F095CD4-C54A-4FDB-9298-03998EEB1B4C}.Release|Any CPU.Build.0 = Release|Any CPU
		{6F095CD4-C54A-4FDB-9298-03998EEB1B4C}.Release|Mixed Platforms.ActiveCfg = Release|Any CPU
		{6F095CD4-C54A-4FDB-9298-03998EEB1B4C}.Release|Mixed Platforms.Build.0 = Release|Any CPU
		{6F095CD4-C54A-4FDB-9298-03998EEB1B4C}.Release|x86.ActiveCfg = Release|Any CPU
		{6F095CD4-C54A-4FDB-9298-03998EEB1B4C}.Release|x86.Build.0 = Release|Any CPU
		{22FE83D1-73EE-4267-905D-35EBFAA173F5}.Debug|Any CPU.ActiveCfg = Debug|Any CPU
		{22FE83D1-73EE-4267-905D-35EBFAA173F5}.Debug|Any CPU.Build.0 = Debug|Any CPU
		{22FE83D1-73EE-4267-905D-35EBFAA173F5}.Debug|Mixed Platforms.ActiveCfg = Debug|Any CPU
		{22FE83D1-73EE-4267-905D-35EBFAA173F5}.Debug|Mixed Platforms.Build.0 = Debug|Any CPU
		{22FE83D1-73EE-4267-905D-35EBFAA173F5}.Debug|x86.ActiveCfg = Debug|Any CPU
		{22FE83D1-73EE-4267-905D-35EBFAA173F5}.Debug|x86.Build.0 = Debug|Any CPU
		{22FE83D1-73EE-4267-905D-35EBFAA173F5}.Release|Any CPU.ActiveCfg = Release|Any CPU
		{22FE83D1-73EE-4267-905D-35EBFAA173F5}.Release|Any CPU.Build.0 = Release|Any CPU
		{22FE83D1-73EE-4267-905D-35EBFAA173F5}.Release|Mixed Platforms.ActiveCfg = Release|Any CPU
		{22FE83D1-73EE-4267-905D-35EBFAA173F5}.Release|Mixed Platforms.Build.0 = Release|Any CPU
		{22FE83D1-73EE-4267-905D-35EBFAA173F5}.Release|x86.ActiveCfg = Release|Any CPU
		{22FE83D1-73EE-4267-905D-35EBFAA173F5}.Release|x86.Build.0 = Release|Any CPU
		{E679F187-0194-416D-8452-4C21093A582B}.Debug|Any CPU.ActiveCfg = Debug|Any CPU
		{E679F187-0194-416D-8452-4C21093A582B}.Debug|Any CPU.Build.0 = Debug|Any CPU
		{E679F187-0194-416D-8452-4C21093A582B}.Debug|Mixed Platforms.ActiveCfg = Debug|Any CPU
		{E679F187-0194-416D-8452-4C21093A582B}.Debug|Mixed Platforms.Build.0 = Debug|Any CPU
		{E679F187-0194-416D-8452-4C21093A582B}.Debug|x86.ActiveCfg = Debug|Any CPU
		{E679F187-0194-416D-8452-4C21093A582B}.Debug|x86.Build.0 = Debug|Any CPU
		{E679F187-0194-416D-8452-4C21093A582B}.Release|Any CPU.ActiveCfg = Release|Any CPU
		{E679F187-0194-416D-8452-4C21093A582B}.Release|Any CPU.Build.0 = Release|Any CPU
		{E679F187-0194-416D-8452-4C21093A582B}.Release|Mixed Platforms.ActiveCfg = Release|Any CPU
		{E679F187-0194-416D-8452-4C21093A582B}.Release|Mixed Platforms.Build.0 = Release|Any CPU
		{E679F187-0194-416D-8452-4C21093A582B}.Release|x86.ActiveCfg = Release|Any CPU
		{E679F187-0194-416D-8452-4C21093A582B}.Release|x86.Build.0 = Release|Any CPU
		{9609BE45-70AA-4804-BBEB-C74F7676774B}.Debug|Any CPU.ActiveCfg = Debug|Any CPU
		{9609BE45-70AA-4804-BBEB-C74F7676774B}.Debug|Any CPU.Build.0 = Debug|Any CPU
		{9609BE45-70AA-4804-BBEB-C74F7676774B}.Debug|Mixed Platforms.ActiveCfg = Debug|Any CPU
		{9609BE45-70AA-4804-BBEB-C74F7676774B}.Debug|Mixed Platforms.Build.0 = Debug|Any CPU
		{9609BE45-70AA-4804-BBEB-C74F7676774B}.Debug|x86.ActiveCfg = Debug|Any CPU
		{9609BE45-70AA-4804-BBEB-C74F7676774B}.Debug|x86.Build.0 = Debug|Any CPU
		{9609BE45-70AA-4804-BBEB-C74F7676774B}.Release|Any CPU.ActiveCfg = Release|Any CPU
		{9609BE45-70AA-4804-BBEB-C74F7676774B}.Release|Any CPU.Build.0 = Release|Any CPU
		{9609BE45-70AA-4804-BBEB-C74F7676774B}.Release|Mixed Platforms.ActiveCfg = Release|Any CPU
		{9609BE45-70AA-4804-BBEB-C74F7676774B}.Release|Mixed Platforms.Build.0 = Release|Any CPU
		{9609BE45-70AA-4804-BBEB-C74F7676774B}.Release|x86.ActiveCfg = Release|Any CPU
		{9609BE45-70AA-4804-BBEB-C74F7676774B}.Release|x86.Build.0 = Release|Any CPU
		{33BD685E-E010-413A-9342-ACB5BBE562CE}.Debug|Any CPU.ActiveCfg = Debug|Any CPU
		{33BD685E-E010-413A-9342-ACB5BBE562CE}.Debug|Any CPU.Build.0 = Debug|Any CPU
		{33BD685E-E010-413A-9342-ACB5BBE562CE}.Debug|Mixed Platforms.ActiveCfg = Debug|Any CPU
		{33BD685E-E010-413A-9342-ACB5BBE562CE}.Debug|Mixed Platforms.Build.0 = Debug|Any CPU
		{33BD685E-E010-413A-9342-ACB5BBE562CE}.Debug|x86.ActiveCfg = Debug|Any CPU
		{33BD685E-E010-413A-9342-ACB5BBE562CE}.Debug|x86.Build.0 = Debug|Any CPU
		{33BD685E-E010-413A-9342-ACB5BBE562CE}.Release|Any CPU.ActiveCfg = Release|Any CPU
		{33BD685E-E010-413A-9342-ACB5BBE562CE}.Release|Any CPU.Build.0 = Release|Any CPU
		{33BD685E-E010-413A-9342-ACB5BBE562CE}.Release|Mixed Platforms.ActiveCfg = Release|Any CPU
		{33BD685E-E010-413A-9342-ACB5BBE562CE}.Release|Mixed Platforms.Build.0 = Release|Any CPU
		{33BD685E-E010-413A-9342-ACB5BBE562CE}.Release|x86.ActiveCfg = Release|Any CPU
		{33BD685E-E010-413A-9342-ACB5BBE562CE}.Release|x86.Build.0 = Release|Any CPU
		{D910D8D6-A20D-4B64-9D21-8B5CE81105F4}.Debug|Any CPU.ActiveCfg = Debug|Any CPU
		{D910D8D6-A20D-4B64-9D21-8B5CE81105F4}.Debug|Any CPU.Build.0 = Debug|Any CPU
		{D910D8D6-A20D-4B64-9D21-8B5CE81105F4}.Debug|Mixed Platforms.ActiveCfg = Debug|Any CPU
		{D910D8D6-A20D-4B64-9D21-8B5CE81105F4}.Debug|Mixed Platforms.Build.0 = Debug|Any CPU
		{D910D8D6-A20D-4B64-9D21-8B5CE81105F4}.Debug|x86.ActiveCfg = Debug|Any CPU
		{D910D8D6-A20D-4B64-9D21-8B5CE81105F4}.Debug|x86.Build.0 = Debug|Any CPU
		{D910D8D6-A20D-4B64-9D21-8B5CE81105F4}.Release|Any CPU.ActiveCfg = Release|Any CPU
		{D910D8D6-A20D-4B64-9D21-8B5CE81105F4}.Release|Any CPU.Build.0 = Release|Any CPU
		{D910D8D6-A20D-4B64-9D21-8B5CE81105F4}.Release|Mixed Platforms.ActiveCfg = Release|Any CPU
		{D910D8D6-A20D-4B64-9D21-8B5CE81105F4}.Release|Mixed Platforms.Build.0 = Release|Any CPU
		{D910D8D6-A20D-4B64-9D21-8B5CE81105F4}.Release|x86.ActiveCfg = Release|Any CPU
		{D910D8D6-A20D-4B64-9D21-8B5CE81105F4}.Release|x86.Build.0 = Release|Any CPU
		{AB9748C1-1580-4FA3-8C1A-C38E997C75D1}.Debug|Any CPU.ActiveCfg = Debug|Any CPU
		{AB9748C1-1580-4FA3-8C1A-C38E997C75D1}.Debug|Any CPU.Build.0 = Debug|Any CPU
		{AB9748C1-1580-4FA3-8C1A-C38E997C75D1}.Debug|Mixed Platforms.ActiveCfg = Debug|Any CPU
		{AB9748C1-1580-4FA3-8C1A-C38E997C75D1}.Debug|Mixed Platforms.Build.0 = Debug|Any CPU
		{AB9748C1-1580-4FA3-8C1A-C38E997C75D1}.Debug|x86.ActiveCfg = Debug|Any CPU
		{AB9748C1-1580-4FA3-8C1A-C38E997C75D1}.Debug|x86.Build.0 = Debug|Any CPU
		{AB9748C1-1580-4FA3-8C1A-C38E997C75D1}.Release|Any CPU.ActiveCfg = Release|Any CPU
		{AB9748C1-1580-4FA3-8C1A-C38E997C75D1}.Release|Any CPU.Build.0 = Release|Any CPU
		{AB9748C1-1580-4FA3-8C1A-C38E997C75D1}.Release|Mixed Platforms.ActiveCfg = Release|Any CPU
		{AB9748C1-1580-4FA3-8C1A-C38E997C75D1}.Release|Mixed Platforms.Build.0 = Release|Any CPU
		{AB9748C1-1580-4FA3-8C1A-C38E997C75D1}.Release|x86.ActiveCfg = Release|Any CPU
		{AB9748C1-1580-4FA3-8C1A-C38E997C75D1}.Release|x86.Build.0 = Release|Any CPU
		{365C2B93-57C0-4D8B-BD90-C7400541D6AC}.Debug|Any CPU.ActiveCfg = Debug|Any CPU
		{365C2B93-57C0-4D8B-BD90-C7400541D6AC}.Debug|Any CPU.Build.0 = Debug|Any CPU
		{365C2B93-57C0-4D8B-BD90-C7400541D6AC}.Debug|Mixed Platforms.ActiveCfg = Debug|Any CPU
		{365C2B93-57C0-4D8B-BD90-C7400541D6AC}.Debug|Mixed Platforms.Build.0 = Debug|Any CPU
		{365C2B93-57C0-4D8B-BD90-C7400541D6AC}.Debug|x86.ActiveCfg = Debug|Any CPU
		{365C2B93-57C0-4D8B-BD90-C7400541D6AC}.Debug|x86.Build.0 = Debug|Any CPU
		{365C2B93-57C0-4D8B-BD90-C7400541D6AC}.Release|Any CPU.ActiveCfg = Release|Any CPU
		{365C2B93-57C0-4D8B-BD90-C7400541D6AC}.Release|Any CPU.Build.0 = Release|Any CPU
		{365C2B93-57C0-4D8B-BD90-C7400541D6AC}.Release|Mixed Platforms.ActiveCfg = Release|Any CPU
		{365C2B93-57C0-4D8B-BD90-C7400541D6AC}.Release|Mixed Platforms.Build.0 = Release|Any CPU
		{365C2B93-57C0-4D8B-BD90-C7400541D6AC}.Release|x86.ActiveCfg = Release|Any CPU
		{365C2B93-57C0-4D8B-BD90-C7400541D6AC}.Release|x86.Build.0 = Release|Any CPU
		{EE19ED75-B7CB-4F39-8987-AEF7035E43A6}.Debug|Any CPU.ActiveCfg = Debug|Any CPU
		{EE19ED75-B7CB-4F39-8987-AEF7035E43A6}.Debug|Any CPU.Build.0 = Debug|Any CPU
		{EE19ED75-B7CB-4F39-8987-AEF7035E43A6}.Debug|Mixed Platforms.ActiveCfg = Debug|Any CPU
		{EE19ED75-B7CB-4F39-8987-AEF7035E43A6}.Debug|Mixed Platforms.Build.0 = Debug|Any CPU
		{EE19ED75-B7CB-4F39-8987-AEF7035E43A6}.Debug|x86.ActiveCfg = Debug|Any CPU
		{EE19ED75-B7CB-4F39-8987-AEF7035E43A6}.Debug|x86.Build.0 = Debug|Any CPU
		{EE19ED75-B7CB-4F39-8987-AEF7035E43A6}.Release|Any CPU.ActiveCfg = Release|Any CPU
		{EE19ED75-B7CB-4F39-8987-AEF7035E43A6}.Release|Any CPU.Build.0 = Release|Any CPU
		{EE19ED75-B7CB-4F39-8987-AEF7035E43A6}.Release|Mixed Platforms.ActiveCfg = Release|Any CPU
		{EE19ED75-B7CB-4F39-8987-AEF7035E43A6}.Release|Mixed Platforms.Build.0 = Release|Any CPU
		{EE19ED75-B7CB-4F39-8987-AEF7035E43A6}.Release|x86.ActiveCfg = Release|Any CPU
		{EE19ED75-B7CB-4F39-8987-AEF7035E43A6}.Release|x86.Build.0 = Release|Any CPU
		{928AD7C3-AE31-41C1-B31C-852878F69003}.Debug|Any CPU.ActiveCfg = Debug|Any CPU
		{928AD7C3-AE31-41C1-B31C-852878F69003}.Debug|Any CPU.Build.0 = Debug|Any CPU
		{928AD7C3-AE31-41C1-B31C-852878F69003}.Debug|Mixed Platforms.ActiveCfg = Debug|Any CPU
		{928AD7C3-AE31-41C1-B31C-852878F69003}.Debug|Mixed Platforms.Build.0 = Debug|Any CPU
		{928AD7C3-AE31-41C1-B31C-852878F69003}.Debug|x86.ActiveCfg = Debug|Any CPU
		{928AD7C3-AE31-41C1-B31C-852878F69003}.Debug|x86.Build.0 = Debug|Any CPU
		{928AD7C3-AE31-41C1-B31C-852878F69003}.Release|Any CPU.ActiveCfg = Release|Any CPU
		{928AD7C3-AE31-41C1-B31C-852878F69003}.Release|Any CPU.Build.0 = Release|Any CPU
		{928AD7C3-AE31-41C1-B31C-852878F69003}.Release|Mixed Platforms.ActiveCfg = Release|Any CPU
		{928AD7C3-AE31-41C1-B31C-852878F69003}.Release|Mixed Platforms.Build.0 = Release|Any CPU
		{928AD7C3-AE31-41C1-B31C-852878F69003}.Release|x86.ActiveCfg = Release|Any CPU
		{928AD7C3-AE31-41C1-B31C-852878F69003}.Release|x86.Build.0 = Release|Any CPU
		{31A0C643-2BE8-4A66-8010-6629D3F6AC1A}.Debug|Any CPU.ActiveCfg = Debug|Any CPU
		{31A0C643-2BE8-4A66-8010-6629D3F6AC1A}.Debug|Any CPU.Build.0 = Debug|Any CPU
		{31A0C643-2BE8-4A66-8010-6629D3F6AC1A}.Debug|Mixed Platforms.ActiveCfg = Debug|Any CPU
		{31A0C643-2BE8-4A66-8010-6629D3F6AC1A}.Debug|Mixed Platforms.Build.0 = Debug|Any CPU
		{31A0C643-2BE8-4A66-8010-6629D3F6AC1A}.Debug|x86.ActiveCfg = Debug|Any CPU
		{31A0C643-2BE8-4A66-8010-6629D3F6AC1A}.Debug|x86.Build.0 = Debug|Any CPU
		{31A0C643-2BE8-4A66-8010-6629D3F6AC1A}.Release|Any CPU.ActiveCfg = Release|Any CPU
		{31A0C643-2BE8-4A66-8010-6629D3F6AC1A}.Release|Any CPU.Build.0 = Release|Any CPU
		{31A0C643-2BE8-4A66-8010-6629D3F6AC1A}.Release|Mixed Platforms.ActiveCfg = Release|Any CPU
		{31A0C643-2BE8-4A66-8010-6629D3F6AC1A}.Release|Mixed Platforms.Build.0 = Release|Any CPU
		{31A0C643-2BE8-4A66-8010-6629D3F6AC1A}.Release|x86.ActiveCfg = Release|Any CPU
		{31A0C643-2BE8-4A66-8010-6629D3F6AC1A}.Release|x86.Build.0 = Release|Any CPU
		{CBFBD3D4-13C7-416D-AB3D-A46E8F29EC28}.Debug|Any CPU.ActiveCfg = Debug|Any CPU
		{CBFBD3D4-13C7-416D-AB3D-A46E8F29EC28}.Debug|Any CPU.Build.0 = Debug|Any CPU
		{CBFBD3D4-13C7-416D-AB3D-A46E8F29EC28}.Debug|Mixed Platforms.ActiveCfg = Debug|Any CPU
		{CBFBD3D4-13C7-416D-AB3D-A46E8F29EC28}.Debug|Mixed Platforms.Build.0 = Debug|Any CPU
		{CBFBD3D4-13C7-416D-AB3D-A46E8F29EC28}.Debug|x86.ActiveCfg = Debug|Any CPU
		{CBFBD3D4-13C7-416D-AB3D-A46E8F29EC28}.Debug|x86.Build.0 = Debug|Any CPU
		{CBFBD3D4-13C7-416D-AB3D-A46E8F29EC28}.Release|Any CPU.ActiveCfg = Release|Any CPU
		{CBFBD3D4-13C7-416D-AB3D-A46E8F29EC28}.Release|Any CPU.Build.0 = Release|Any CPU
		{CBFBD3D4-13C7-416D-AB3D-A46E8F29EC28}.Release|Mixed Platforms.ActiveCfg = Release|Any CPU
		{CBFBD3D4-13C7-416D-AB3D-A46E8F29EC28}.Release|Mixed Platforms.Build.0 = Release|Any CPU
		{CBFBD3D4-13C7-416D-AB3D-A46E8F29EC28}.Release|x86.ActiveCfg = Release|Any CPU
		{CBFBD3D4-13C7-416D-AB3D-A46E8F29EC28}.Release|x86.Build.0 = Release|Any CPU
		{1F7A39F5-4215-46F9-872E-E74FC692AAFF}.Debug|Any CPU.ActiveCfg = Debug|Any CPU
		{1F7A39F5-4215-46F9-872E-E74FC692AAFF}.Debug|Any CPU.Build.0 = Debug|Any CPU
		{1F7A39F5-4215-46F9-872E-E74FC692AAFF}.Debug|Mixed Platforms.ActiveCfg = Debug|Any CPU
		{1F7A39F5-4215-46F9-872E-E74FC692AAFF}.Debug|Mixed Platforms.Build.0 = Debug|Any CPU
		{1F7A39F5-4215-46F9-872E-E74FC692AAFF}.Debug|x86.ActiveCfg = Debug|Any CPU
		{1F7A39F5-4215-46F9-872E-E74FC692AAFF}.Debug|x86.Build.0 = Debug|Any CPU
		{1F7A39F5-4215-46F9-872E-E74FC692AAFF}.Release|Any CPU.ActiveCfg = Release|Any CPU
		{1F7A39F5-4215-46F9-872E-E74FC692AAFF}.Release|Any CPU.Build.0 = Release|Any CPU
		{1F7A39F5-4215-46F9-872E-E74FC692AAFF}.Release|Mixed Platforms.ActiveCfg = Release|Any CPU
		{1F7A39F5-4215-46F9-872E-E74FC692AAFF}.Release|Mixed Platforms.Build.0 = Release|Any CPU
		{1F7A39F5-4215-46F9-872E-E74FC692AAFF}.Release|x86.ActiveCfg = Release|Any CPU
		{1F7A39F5-4215-46F9-872E-E74FC692AAFF}.Release|x86.Build.0 = Release|Any CPU
		{842D7E7E-7AFF-44D6-B671-3F2124963672}.Debug|Any CPU.ActiveCfg = Debug|Any CPU
		{842D7E7E-7AFF-44D6-B671-3F2124963672}.Debug|Any CPU.Build.0 = Debug|Any CPU
		{842D7E7E-7AFF-44D6-B671-3F2124963672}.Debug|Mixed Platforms.ActiveCfg = Debug|Any CPU
		{842D7E7E-7AFF-44D6-B671-3F2124963672}.Debug|Mixed Platforms.Build.0 = Debug|Any CPU
		{842D7E7E-7AFF-44D6-B671-3F2124963672}.Debug|x86.ActiveCfg = Debug|Any CPU
		{842D7E7E-7AFF-44D6-B671-3F2124963672}.Debug|x86.Build.0 = Debug|Any CPU
		{842D7E7E-7AFF-44D6-B671-3F2124963672}.Release|Any CPU.ActiveCfg = Release|Any CPU
		{842D7E7E-7AFF-44D6-B671-3F2124963672}.Release|Any CPU.Build.0 = Release|Any CPU
		{842D7E7E-7AFF-44D6-B671-3F2124963672}.Release|Mixed Platforms.ActiveCfg = Release|Any CPU
		{842D7E7E-7AFF-44D6-B671-3F2124963672}.Release|Mixed Platforms.Build.0 = Release|Any CPU
		{842D7E7E-7AFF-44D6-B671-3F2124963672}.Release|x86.ActiveCfg = Release|Any CPU
		{842D7E7E-7AFF-44D6-B671-3F2124963672}.Release|x86.Build.0 = Release|Any CPU
		{653493E7-16DE-4B25-8520-3A077B836C66}.Debug|Any CPU.ActiveCfg = Debug|Any CPU
		{653493E7-16DE-4B25-8520-3A077B836C66}.Debug|Any CPU.Build.0 = Debug|Any CPU
		{653493E7-16DE-4B25-8520-3A077B836C66}.Debug|Mixed Platforms.ActiveCfg = Debug|Any CPU
		{653493E7-16DE-4B25-8520-3A077B836C66}.Debug|Mixed Platforms.Build.0 = Debug|Any CPU
		{653493E7-16DE-4B25-8520-3A077B836C66}.Debug|x86.ActiveCfg = Debug|Any CPU
		{653493E7-16DE-4B25-8520-3A077B836C66}.Debug|x86.Build.0 = Debug|Any CPU
		{653493E7-16DE-4B25-8520-3A077B836C66}.Release|Any CPU.ActiveCfg = Release|Any CPU
		{653493E7-16DE-4B25-8520-3A077B836C66}.Release|Any CPU.Build.0 = Release|Any CPU
		{653493E7-16DE-4B25-8520-3A077B836C66}.Release|Mixed Platforms.ActiveCfg = Release|Any CPU
		{653493E7-16DE-4B25-8520-3A077B836C66}.Release|Mixed Platforms.Build.0 = Release|Any CPU
		{653493E7-16DE-4B25-8520-3A077B836C66}.Release|x86.ActiveCfg = Release|Any CPU
		{653493E7-16DE-4B25-8520-3A077B836C66}.Release|x86.Build.0 = Release|Any CPU
	EndGlobalSection
	GlobalSection(SolutionProperties) = preSolution
		HideSolutionNode = FALSE
	EndGlobalSection
	GlobalSection(ExtensibilityGlobals) = postSolution
		SolutionGuid = {96551532-E28D-4188-A8B5-D37990EF0455}
	EndGlobalSection
	GlobalSection(TeamFoundationVersionControl) = preSolution
		SccNumberOfProjects = 57
		SccEnterpriseProvider = {4CA58AB2-18FA-4F8D-95D4-32DDF27D184C}
		SccTeamFoundationServer = https://tfs.deltek.com/tfs/deltek
		SccLocalPath0 = .
		SccProjectUniqueName1 = TestExecute\\TestExecute.csproj
		SccProjectName1 = TestExecute
		SccLocalPath1 = TestExecute
		SccProjectUniqueName2 = CommonLib\\CommonLib.csproj
		SccProjectName2 = CommonLib
		SccLocalPath2 = CommonLib
		SccProjectUniqueName3 = NavigatorLib\\NavigatorLib.csproj
		SccProjectName3 = NavigatorLib
		SccLocalPath3 = NavigatorLib
		SccProjectUniqueName4 = TestRunner\\TestRunner.csproj
		SccProjectName4 = TestRunner
		SccLocalPath4 = TestRunner
		SccProjectUniqueName5 = ngCRMLib\\ngCRMLib.csproj
		SccProjectName5 = ngCRMLib
		SccLocalPath5 = ngCRMLib
		SccProjectUniqueName6 = MaconomyNavigator\\MaconomyNavigatorLib.csproj
		SccProjectName6 = MaconomyNavigator
		SccLocalPath6 = MaconomyNavigator
		SccProjectUniqueName7 = TestRunnerScheduler\\TestRunnerScheduler.csproj
		SccProjectName7 = TestRunnerScheduler
		SccLocalPath7 = TestRunnerScheduler
		SccProjectUniqueName8 = CostpointLib\\CostpointLib.csproj
		SccProjectName8 = CostpointLib
		SccLocalPath8 = CostpointLib
		SccProjectUniqueName9 = AutomationAgent\\AutomationAgent.csproj
		SccProjectName9 = AutomationAgent
		SccLocalPath9 = AutomationAgent
		SccProjectUniqueName10 = DocDiff\\DocDiff.csproj
		SccProjectName10 = DocDiff
		SccLocalPath10 = DocDiff
		SccProjectUniqueName11 = MaconomyTouch\\MaconomyTouchLib.csproj
		SccProjectName11 = MaconomyTouch
		SccLocalPath11 = MaconomyTouch
		SccProjectUniqueName12 = VisionCRMLib\\VisionCRMLib.csproj
		SccProjectName12 = VisionCRMLib
		SccLocalPath12 = VisionCRMLib
		SccProjectUniqueName13 = VisionTimeLib\\VisionTimeLib.csproj
		SccProjectName13 = VisionTimeLib
		SccLocalPath13 = VisionTimeLib
		SccProjectUniqueName14 = AjeraLib\\AjeraLib.csproj
		SccProjectName14 = AjeraLib
		SccLocalPath14 = AjeraLib
		SccProjectUniqueName15 = Launcher\\Launcher.csproj
		SccProjectName15 = Launcher
		SccLocalPath15 = Launcher
		SccProjectUniqueName16 = TrafficLiveLib\\TrafficLiveLib.csproj
		SccProjectName16 = TrafficLiveLib
		SccLocalPath16 = TrafficLiveLib
		SccProjectUniqueName17 = StormTouchCRMLib\\StormTouchCRMLib.csproj
		SccProjectName17 = StormTouchCRMLib
		SccLocalPath17 = StormTouchCRMLib
		SccProjectUniqueName18 = StormTouchTimeExpenseLib\\StormTouchTimeExpenseLib.csproj
		SccProjectName18 = StormTouchTimeExpenseLib
		SccLocalPath18 = StormTouchTimeExpenseLib
		SccProjectUniqueName19 = GenerateDashboard\\GenerateDashboard.csproj
		SccProjectName19 = GenerateDashboard
		SccLocalPath19 = GenerateDashboard
		SccProjectUniqueName20 = TestResultsDashboard\\TestResultsDashboard.csproj
		SccProjectName20 = TestResultsDashboard
		SccLocalPath20 = TestResultsDashboard
		SccProjectUniqueName21 = StormWebLib\\StormWebLib.csproj
		SccProjectName21 = StormWebLib
		SccLocalPath21 = StormWebLib
		SccProjectUniqueName22 = TM1WebLib\\TM1WebLib.csproj
		SccProjectName22 = TM1WebLib
		SccLocalPath22 = TM1WebLib
		SccProjectUniqueName23 = TestRunnerCmd\\TestRunnerCmd.csproj
		SccProjectName23 = TestRunnerCmd
		SccLocalPath23 = TestRunnerCmd
		SccProjectUniqueName24 = MaconomyiAccessLib\\MaconomyiAccessLib.csproj
		SccProjectName24 = MaconomyiAccessLib
		SccLocalPath24 = MaconomyiAccessLib
		SccProjectUniqueName25 = TestLibrary\\TestLibrary.csproj
		SccProjectName25 = TestLibrary
		SccLocalPath25 = TestLibrary
		SccProjectUniqueName26 = SchedulingAgent\\SchedulingAgent.csproj
		SccProjectName26 = SchedulingAgent
		SccLocalPath26 = SchedulingAgent
		SccProjectUniqueName27 = AdvancedScheduler\\AdvancedScheduler.csproj
		SccProjectName27 = AdvancedScheduler
		SccLocalPath27 = AdvancedScheduler
		SccProjectUniqueName28 = CPExtensibility\\CPExtensibility.csproj
		SccProjectName28 = CPExtensibility
		SccLocalPath28 = CPExtensibility
		SccProjectUniqueName29 = ProjectInformationManagementLib\\ProjectInformationManagementLib.csproj
		SccProjectName29 = ProjectInformationManagementLib
		SccLocalPath29 = ProjectInformationManagementLib
		SccProjectUniqueName30 = METestHarness\\METestHarness.csproj
		SccProjectName30 = METestHarness
		SccLocalPath30 = METestHarness
		SccProjectUniqueName31 = BPM\\BPMLib.csproj
		SccProjectName31 = BPM
		SccLocalPath31 = BPM
		SccProjectUniqueName32 = PIMMobileLib\\PIMMobileLib.csproj
		SccProjectName32 = PIMMobileLib
		SccLocalPath32 = PIMMobileLib
		SccProjectUniqueName33 = SFTLib\\SFTLib.csproj
		SccProjectName33 = SFTLib
		SccLocalPath33 = SFTLib
		SccProjectUniqueName34 = WorkBookLib\\WorkBookLib.csproj
		SccProjectName34 = WorkBookLib
		SccLocalPath34 = WorkBookLib
		SccProjectUniqueName35 = PIMTimeAndExpenseLib\\PIMTimeAndExpenseLib.csproj
		SccProjectName35 = PIMTimeAndExpenseLib
		SccLocalPath35 = PIMTimeAndExpenseLib
		SccProjectUniqueName36 = TestIT\\TestIT.csproj
		SccProjectName36 = TestIT
		SccLocalPath36 = TestIT
		SccProjectUniqueName37 = KonaLib\\KonaLib.csproj
		SccProjectName37 = KonaLib
		SccLocalPath37 = KonaLib
		SccProjectUniqueName38 = AutoMail\\AutoMail.csproj
		SccProjectName38 = AutoMail
		SccLocalPath38 = AutoMail
		SccProjectUniqueName39 = GovWinLib\\GovWinLib.csproj
		SccProjectName39 = GovWinLib
		SccLocalPath39 = GovWinLib
		SccProjectUniqueName40 = HRSmartLib\\HRSmartLib.csproj
		SccProjectName40 = HRSmartLib
		SccLocalPath40 = HRSmartLib
		SccProjectUniqueName41 = AjeraTime\\AjeraTimeLib.csproj
		SccProjectName41 = AjeraTime
		SccLocalPath41 = AjeraTime
		SccProjectUniqueName42 = AcumenTouchStoneLib\\AcumenTouchStoneLib.csproj
		SccProjectName42 = AcumenTouchStoneLib
		SccLocalPath42 = AcumenTouchStoneLib
		SccProjectUniqueName43 = TEMobileLib\\TEMobileLib.csproj
		SccProjectName43 = TEMobileLib
		SccLocalPath43 = TEMobileLib
		SccProjectUniqueName44 = ConceptShareLib\\ConceptShareLib.csproj
		SccProjectName44 = ConceptShareLib
		SccLocalPath44 = ConceptShareLib
		SccProjectUniqueName45 = CPTouchLib\\CPTouchLib.csproj
		SccProjectName45 = CPTouchLib
		SccLocalPath45 = CPTouchLib
		SccProjectUniqueName46 = SBCLib\\SBCLib.csproj
		SccProjectName46 = SBCLib
		SccLocalPath46 = SBCLib
		SccProjectUniqueName47 = WebTimeClockLib\\WebTimeClockLib.csproj
		SccProjectName47 = WebTimeClockLib
		SccLocalPath47 = WebTimeClockLib
		SccProjectUniqueName48 = DCOLib\\DCOLib.csproj
		SccProjectName48 = DCOLib
		SccLocalPath48 = DCOLib
		SccProjectUniqueName49 = FieldEaseLib\\FieldEaseLib.csproj
		SccProjectName49 = FieldEaseLib
		SccLocalPath49 = FieldEaseLib
		SccProjectUniqueName50 = DeltekProjectsToolLib\\DeltekProjectsToolLib.csproj
		SccProjectName50 = DeltekProjectsToolLib
		SccLocalPath50 = DeltekProjectsToolLib
		SccProjectUniqueName51 = KnowledgePointLib\\KnowledgePointLib.csproj
		SccProjectName51 = KnowledgePointLib
		SccLocalPath51 = KnowledgePointLib
		SccProjectUniqueName52 = CBILib\\CBILib.csproj
		SccProjectName52 = CBILib
		SccLocalPath52 = CBILib
		SccProjectUniqueName53 = TRDiagnostics\\TRDiagnostics.csproj
		SccProjectName53 = TRDiagnostics
		SccLocalPath53 = TRDiagnostics
		SccProjectUniqueName54 = TRDiagnosticsCore\\TRDiagnosticsCore.csproj
		SccProjectName54 = TRDiagnosticsCore
		SccLocalPath54 = TRDiagnosticsCore
		SccProjectUniqueName55 = HTMLBuilder\\HTMLBuilder.csproj
		SccProjectName55 = HTMLBuilder
		SccLocalPath55 = HTMLBuilder
		SccProjectUniqueName56 = OSH_Client\\OSH_Client.csproj
		SccProjectName56 = OSH_Client
		SccLocalPath56 = OSH_Client
	EndGlobalSection
EndGlobal
